lockfileVersion: 5.3

specifiers:
  available-npm-name: file:../../packages/available-npm-name
  simple-delay: file:../../packages/simple-delay
  simple-fake-console: file:../../packages/simple-fake-console

dependencies:
  available-npm-name: link:../../packages/available-npm-name
  simple-delay: link:../../packages/simple-delay
  simple-fake-console: link:../../packages/simple-fake-console
