dependencies:
  '@types/node': 13.1.6
  '@types/shell-quote': 1.6.1
  convenient-typescript-utilities: 0.0.4
  shell-quote: 1.7.2
  split-shell-buffer: 'link:../split-shell-buffer'
  ts-await-event: 'link:../ts-await-event'
  tslib: 1.10.0
  typescript-miscellaneous: 0.1.1
lockfileVersion: 5.1
packages:
  /@types/node/10.17.13:
    dev: false
    resolution:
      integrity: sha512-pMCcqU2zT4TjqYFrWtYHKal7Sl30Ims6ulZ4UFXxI4xbtQqK/qqKwkDoBFCfooRqqmRu9vY3xaJRwxSh673aYg==
  /@types/node/12.12.24:
    dev: false
    resolution:
      integrity: sha512-1Ciqv9pqwVtW6FsIUKSZNB82E5Cu1I2bBTj1xuIHXLe/1zYLl3956Nbhg2MzSYHVfl9/rmanjbQIb7LibfCnug==
  /@types/node/13.1.6:
    dev: false
    resolution:
      integrity: sha512-Jg1F+bmxcpENHP23sVKkNuU3uaxPnsBMW0cLjleiikFKomJQbsn0Cqk2yDvQArqzZN6ABfBkZ0To7pQ8sLdWDg==
  /@types/shell-quote/1.6.1:
    dev: false
    resolution:
      integrity: sha512-t0bxRLQ75MMF7EeICa1eYC//o1/6gPaUV7ELke4l4OkwpZ9apOzvv2oR5F2PmQJ3tM83Lo+MNKfAXn5gQRMcnA==
  /convenient-typescript-utilities/0.0.4:
    dependencies:
      '@types/node': 12.12.24
      tslib: 1.10.0
    dev: false
    engines:
      node: '>= 8.9.0'
    resolution:
      integrity: sha512-ymI2O6ijNuy/gw+j2DllCAsxQfK+TrENaCAd1uqFpYAhyi5+3HNYvnAaU5bQMRyYEa5HCy09zuTz0tsn3FYaIg==
  /shell-quote/1.7.2:
    dev: false
    resolution:
      integrity: sha512-mRz/m/JVscCrkMyPqHc/bczi3OQHkLTqXHEFu0zDhK/qfv3UcOA4SVmRCLmos4bhjr9ekVQubj/R7waKapmiQg==
  /tslib/1.10.0:
    dev: false
    resolution:
      integrity: sha512-qOebF53frne81cf0S9B41ByenJ3/IuH8yJKngAX35CmiZySA0khhkovshKK+jGCaMnVomla7gVlIcc3EvKPbTQ==
  /typescript-miscellaneous/0.1.1:
    dependencies:
      '@types/node': 10.17.13
      tslib: 1.10.0
    dev: false
    engines:
      node: '>= 8.9.0'
      typescript: '>= 3.0.0'
    resolution:
      integrity: sha512-dyGMilZPOL/qQMlJSWK+SbQyJpf6YZZPmPrbbdHGkAvGUvlhv4kGKTgddXWLxFWHTirR2I0VfD8mSwia3WLGtA==
specifiers:
  '@types/node': ^13.1.6
  '@types/shell-quote': ^1.6.1
  convenient-typescript-utilities: ^0.0.4
  shell-quote: ^1.7.2
  split-shell-buffer: ^2.0.3
  ts-await-event: ^0.1.2
  tslib: ^1.10.0
  typescript-miscellaneous: ^0.1.1
