dependencies:
  '@types/node': 11.11.1
  '@types/shell-quote': 1.6.1
  convenient-typescript-utilities: 0.0.3
  shell-quote: 1.6.1
  split-shell-buffer: 'link:../split-shell-buffer'
  ts-await-event: 'link:../ts-await-event'
  tslib: 1.9.3
  typescript-miscellaneous: 0.1.1
lockfileVersion: 5
packages:
  /@types/node/10.12.30:
    dev: false
    resolution:
      integrity: sha512-nsqTN6zUcm9xtdJiM9OvOJ5EF0kOI8f1Zuug27O/rgtxCRJHGqncSWfCMZUP852dCKPsDsYXGvBhxfRjDBkF5Q==
  /@types/node/11.11.1:
    dev: false
    resolution:
      integrity: sha512-2azXFP9n4aA2QNLkKm/F9pzKxgYj1SMawZ5Eh9iC21RH3XNcFsivLVU2NhpMgQm7YobSByvIol4c42ZFusXFHQ==
  /@types/shell-quote/1.6.1:
    dev: false
    resolution:
      integrity: sha512-t0bxRLQ75MMF7EeICa1eYC//o1/6gPaUV7ELke4l4OkwpZ9apOzvv2oR5F2PmQJ3tM83Lo+MNKfAXn5gQRMcnA==
  /array-filter/0.0.1:
    dev: false
    resolution:
      integrity: sha1-fajPLiZijtcygDWB/SH2fKzS7uw=
  /array-map/0.0.0:
    dev: false
    resolution:
      integrity: sha1-iKK6tz0c97zVwbEYoAP2b2ZfpmI=
  /array-reduce/0.0.0:
    dev: false
    resolution:
      integrity: sha1-FziZ0//Rx9k4PkR5Ul2+J4yrXys=
  /convenient-typescript-utilities/0.0.3:
    dependencies:
      '@types/node': 10.12.30
      tslib: 1.9.3
    dev: false
    engines:
      node: '>= 8.9.0'
    resolution:
      integrity: sha512-kHjMz9faySaKMx9ZRwv9oTogYRXCGaKPYq+xsLEswBo+0a5r8l5Xk/7Q+vqDLMYMrTm2oW7wEgtiDcXonr8Nkg==
  /jsonify/0.0.0:
    dev: false
    resolution:
      integrity: sha1-LHS27kHZPKUbe1qu6PUDYx0lKnM=
  /shell-quote/1.6.1:
    dependencies:
      array-filter: 0.0.1
      array-map: 0.0.0
      array-reduce: 0.0.0
      jsonify: 0.0.0
    dev: false
    resolution:
      integrity: sha1-9HgZSczkAmlxJ0MOo7PFR29IF2c=
  /tslib/1.9.3:
    dev: false
    resolution:
      integrity: sha512-4krF8scpejhaOgqzBEcGM7yDIEfi0/8+8zDRZhNZZ2kjmHJ4hv3zCbQWxoJGz1iw5U0Jl0nma13xzHXcncMavQ==
  /typescript-miscellaneous/0.1.1:
    dependencies:
      '@types/node': 10.12.30
      tslib: 1.9.3
    dev: false
    engines:
      node: '>= 8.9.0'
      typescript: '>= 3.0.0'
    resolution:
      integrity: sha512-dyGMilZPOL/qQMlJSWK+SbQyJpf6YZZPmPrbbdHGkAvGUvlhv4kGKTgddXWLxFWHTirR2I0VfD8mSwia3WLGtA==
specifiers:
  '@types/node': ^11.11.1
  '@types/shell-quote': ^1.6.1
  convenient-typescript-utilities: ^0.0.3
  shell-quote: ^1.6.1
  split-shell-buffer: ^1.0.0-rc.2
  ts-await-event: ^0.0.0
  tslib: ^1.9.3
  typescript-miscellaneous: ^0.1.1
