lockfileVersion: 5.3

specifiers:
  '@types/node': ^14.6.0
  advanced-map-initialized: ^0.0.4
  iter-tools: ^7.0.0
  tslib: ^2.0.1

dependencies:
  '@types/node': 14.6.0
  advanced-map-initialized: 0.0.4
  iter-tools: 7.1.3
  tslib: 2.0.1

packages:

  /@babel/runtime/7.14.6:
    resolution: {integrity: sha512-/PCB2uJ7oM44tz8YhC4Z/6PeOKXp4K588f+5M3clr1M4zbqztlo0XEfJ2LEzj/FgwfgGcIdl8n7YYjTCI0BYwg==}
    engines: {node: '>=6.9.0'}
    dependencies:
      regenerator-runtime: 0.13.5
    dev: false

  /@types/node/10.17.24:
    resolution: {integrity: sha512-5SCfvCxV74kzR3uWgTYiGxrd69TbT1I6+cMx1A5kEly/IVveJBimtAMlXiEyVFn5DvUFewQWxOOiJhlxeQwxgA==}
    dev: false

  /@types/node/13.13.9:
    resolution: {integrity: sha512-EPZBIGed5gNnfWCiwEIwTE2Jdg4813odnG8iNPMQGrqVxrI+wL68SPtPeCX+ZxGBaA6pKAVc6jaKgP/Q0QzfdQ==}
    dev: false

  /@types/node/14.6.0:
    resolution: {integrity: sha512-mikldZQitV94akrc4sCcSjtJfsTKt4p+e/s0AGscVA6XArQ9kFclP+ZiYUMnq987rc6QlYxXv/EivqlfSLxpKA==}
    dev: false

  /advanced-map-base/0.0.4:
    resolution: {integrity: sha512-auTlMKEPMll9I6InsV7XNbDRfTra8u9kBd73/rSe0VuzYFFyAU5mb41wpV8Urs/1CYb+ysE+FetN6zRxfhC0EQ==}
    engines: {node: '>= 8.9.0'}
    dependencies:
      '@types/node': 13.13.9
      advanced-map-types: 0.0.4
      tslib: 1.13.0
      typescript-miscellaneous: 0.1.1
    dev: false

  /advanced-map-initialized/0.0.4:
    resolution: {integrity: sha512-mvPQ6Q1ZwUZ3Uwseh/8jog/PC2E6OmmpUYir5+eGkBw0eoMYAF880qYL1NTIS9k5jW1NExyV2ADoqVLzZ4pePA==}
    engines: {node: '>= 8.9.0'}
    dependencies:
      '@types/node': 13.13.9
      advanced-map-base: 0.0.4
      advanced-map-types: 0.0.4
      tslib: 1.13.0
    dev: false

  /advanced-map-types/0.0.4:
    resolution: {integrity: sha512-1z2ags9Y3SbsvRBsANA60J8HGfWeEOnrFwavN72EIQVCt/iFB6fujjvf8dwER7Xpo7tttPfxWxnLnvCiFHU7hA==}
    engines: {node: '>= 8.9.0'}
    dependencies:
      '@types/node': 13.13.9
      tslib: 1.13.0
      typescript-miscellaneous: 0.1.1
    dev: false

  /iter-tools/7.1.3:
    resolution: {integrity: sha512-Pnd3FVHgKnDHrTVjggXLMq5O/P60fho5iL0a0kkdLcofxX8STHw6cgYZ4ZHQS3Zb4Hg/VeqeNUxDs4vlVwUL4A==}
    dependencies:
      '@babel/runtime': 7.14.6
    dev: false

  /regenerator-runtime/0.13.5:
    resolution: {integrity: sha512-ZS5w8CpKFinUzOwW3c83oPeVXoNsrLsaCoLtJvAClH135j/R77RuymhiSErhm2lKcwSCIpmvIWSbDkIfAqKQlA==}
    dev: false

  /tslib/1.13.0:
    resolution: {integrity: sha512-i/6DQjL8Xf3be4K/E6Wgpekn5Qasl1usyw++dAA35Ue5orEn65VIxOA+YvNNl9HV3qv70T7CNwjODHZrLwvd1Q==}
    dev: false

  /tslib/2.0.1:
    resolution: {integrity: sha512-SgIkNheinmEBgx1IUNirK0TUD4X9yjjBRTqqjggWCU3pUEqIk3/Uwl3yRixYKT6WjQuGiwDv4NomL3wqRCj+CQ==}
    dev: false

  /typescript-miscellaneous/0.1.1:
    resolution: {integrity: sha512-dyGMilZPOL/qQMlJSWK+SbQyJpf6YZZPmPrbbdHGkAvGUvlhv4kGKTgddXWLxFWHTirR2I0VfD8mSwia3WLGtA==}
    engines: {node: '>= 8.9.0', typescript: '>= 3.0.0'}
    dependencies:
      '@types/node': 10.17.24
      tslib: 1.13.0
    dev: false
