dependencies:
  '@tsfun/object': 0.0.9
  fast-traverse: 'link:../../packages/fast-traverse'
  simple-fake-fs: 'link:../../packages/simple-fake-fs'
lockfileVersion: 5.1
packages:
  /@tsfun/object/0.0.9:
    dependencies:
      '@types/node': 13.1.7
      tslib: 1.10.0
      utility-types: 3.10.0
    dev: false
    resolution:
      integrity: sha512-s6mMlqhHcZ3nkHHmQoCSFbyywEuKPqmGWV2/smaaaTYKiEW1YYrH7NNdGVp9/BQM90p8oXsbPcOrLiNp609Vlg==
  /@types/node/13.1.7:
    dev: false
    resolution:
      integrity: sha512-HU0q9GXazqiKwviVxg9SI/+t/nAsGkvLDkIdxz+ObejG2nX6Si00TeLqHMoS+a/1tjH7a8YpKVQwtgHuMQsldg==
  /tslib/1.10.0:
    dev: false
    resolution:
      integrity: sha512-qOebF53frne81cf0S9B41ByenJ3/IuH8yJKngAX35CmiZySA0khhkovshKK+jGCaMnVomla7gVlIcc3EvKPbTQ==
  /utility-types/3.10.0:
    dev: false
    engines:
      node: '>= 4'
    resolution:
      integrity: sha512-O11mqxmi7wMKCo6HKFt5AhO4BwY3VV68YU07tgxfz8zJTIxr4BpsezN49Ffwy9j3ZpwwJp4fkRwjRzq3uWE6Rg==
specifiers:
  '@tsfun/object': ^0.0.9
  fast-traverse: 'file:../../packages/fast-traverse'
  simple-fake-fs: 'file:../../packages/simple-fake-fs'
