dependencies:
  '@types/fs-extra': 8.0.0
  '@types/js-yaml': 3.12.1
  '@types/node': 12.7.5
  '@types/ramda': 0.26.21
  fs-extra: 8.1.0
  js-yaml: 3.13.1
  ramda: 0.26.1
  split-iterable: 'link:../split-iterable'
  tslib: 1.10.0
lockfileVersion: 5.1
packages:
  /@types/fs-extra/8.0.0:
    dependencies:
      '@types/node': 12.7.2
    dev: false
    resolution:
      integrity: sha512-bCtL5v9zdbQW86yexOlXWTEGvLNqWxMFyi7gQA7Gcthbezr2cPSOb8SkESVKA937QD5cIwOFLDFt0MQoXOEr9Q==
  /@types/js-yaml/3.12.1:
    dev: false
    resolution:
      integrity: sha512-SGGAhXLHDx+PK4YLNcNGa6goPf9XRWQNAUUbffkwVGGXIxmDKWyGGL4inzq2sPmExu431Ekb9aEMn9BkPqEYFA==
  /@types/node/12.7.2:
    dev: false
    resolution:
      integrity: sha512-dyYO+f6ihZEtNPDcWNR1fkoTDf3zAK3lAABDze3mz6POyIercH0lEUawUFXlG8xaQZmm1yEBON/4TsYv/laDYg==
  /@types/node/12.7.5:
    dev: false
    resolution:
      integrity: sha512-9fq4jZVhPNW8r+UYKnxF1e2HkDWOWKM5bC2/7c9wPV835I0aOrVbS/Hw/pWPk2uKrNXQqg9Z959Kz+IYDd5p3w==
  /@types/ramda/0.26.21:
    dependencies:
      ts-toolbelt: 3.8.91
    dev: false
    resolution:
      integrity: sha512-zMYtIZMceA6BvH+or6LmewLBgojbXg5+FGCwjO8K+Z+d/ZWxILmhhASXkehW0PqJL+V0QbyDeeAHix0dvEKXfQ==
  /argparse/1.0.10:
    dependencies:
      sprintf-js: 1.0.3
    dev: false
    resolution:
      integrity: sha512-o5Roy6tNG4SL/FOkCAN6RzjiakZS25RLYFrcMttJqbdd8BWrnA+fGz57iN5Pb06pvBGvl5gQ0B48dJlslXvoTg==
  /esprima/4.0.1:
    dev: false
    engines:
      node: '>=4'
    hasBin: true
    resolution:
      integrity: sha512-eGuFFw7Upda+g4p+QHvnW0RyTX/SVeJBDM/gCtMARO0cLuT2HcEKnTPvhjV6aGeqrCB/sbNop0Kszm0jsaWU4A==
  /fs-extra/8.1.0:
    dependencies:
      graceful-fs: 4.2.2
      jsonfile: 4.0.0
      universalify: 0.1.2
    dev: false
    engines:
      node: '>=6 <7 || >=8'
    resolution:
      integrity: sha512-yhlQgA6mnOJUKOsRUFsgJdQCvkKhcz8tlZG5HBQfReYZy46OwLcY+Zia0mtdHsOo9y/hP+CxMN0TU9QxoOtG4g==
  /graceful-fs/4.2.2:
    dev: false
    resolution:
      integrity: sha512-IItsdsea19BoLC7ELy13q1iJFNmd7ofZH5+X/pJr90/nRoPEX0DJo1dHDbgtYWOhJhcCgMDTOw84RZ72q6lB+Q==
  /js-yaml/3.13.1:
    dependencies:
      argparse: 1.0.10
      esprima: 4.0.1
    dev: false
    hasBin: true
    resolution:
      integrity: sha512-YfbcO7jXDdyj0DGxYVSlSeQNHbD7XPWvrVWeVUujrQEoZzWJIRrCPoyk6kL6IAjAG2IolMK4T0hNUe0HOUs5Jw==
  /jsonfile/4.0.0:
    dev: false
    optionalDependencies:
      graceful-fs: 4.2.2
    resolution:
      integrity: sha1-h3Gq4HmbZAdrdmQPygWPnBDjPss=
  /ramda/0.26.1:
    dev: false
    resolution:
      integrity: sha512-hLWjpy7EnsDBb0p+Z3B7rPi3GDeRG5ZtiI33kJhTt+ORCd38AbAIjB/9zRIUoeTbE/AVX5ZkU7m6bznsvrf8eQ==
  /sprintf-js/1.0.3:
    dev: false
    resolution:
      integrity: sha1-BOaSb2YolTVPPdAVIDYzuFcpfiw=
  /ts-toolbelt/3.8.91:
    dev: false
    peerDependencies:
      typescript: ^3.5.0
    resolution:
      integrity: sha512-HVY9kFtQCtAfuHPf8XK9BWzwUueGtviZ5i/x6hu9uMIy+PWqlwjD1eqRTBaCewOclR5w07j1bgaT7cWNWrJgZw==
  /tslib/1.10.0:
    dev: false
    resolution:
      integrity: sha512-qOebF53frne81cf0S9B41ByenJ3/IuH8yJKngAX35CmiZySA0khhkovshKK+jGCaMnVomla7gVlIcc3EvKPbTQ==
  /universalify/0.1.2:
    dev: false
    engines:
      node: '>= 4.0.0'
    resolution:
      integrity: sha512-rBJeI5CXAlmy1pV+617WB9J63U6XcazHHF2f2dbJix4XzpUF0RS3Zbj0FGIOCAva5P/d/GBOYaACQ1w+0azUkg==
specifiers:
  '@types/fs-extra': ^8.0.0
  '@types/js-yaml': ^3.12.1
  '@types/node': ^12.7.5
  '@types/ramda': ^0.26.21
  fs-extra: ^8.1.0
  js-yaml: ^3.13.1
  ramda: ^0.26.1
  split-iterable: ^0.0.0
  tslib: ^1.10.0
