dependencies:
  '@types/node': 11.11.1
  advanced-map-initialized: 0.0.2
  advanced-map-mutable-multi-key: 0.0.3
  tslib: 1.9.3
lockfileVersion: 5
packages:
  /@babel/runtime-corejs2/7.3.4:
    dependencies:
      core-js: 2.6.5
      regenerator-runtime: 0.12.1
    dev: false
    resolution:
      integrity: sha512-QwPuQE65kNxjsNKk34Rfgen2R5fk0J2So99SD45uXBp34QOfyz11SqVgJ4xvyCpnCIieSQ0X0hSSc9z/ymlJJw==
  /@babel/runtime/7.3.4:
    dependencies:
      regenerator-runtime: 0.12.1
    dev: false
    resolution:
      integrity: sha512-IvfvnMdSaLBateu0jfsYIpZTxAc2cKEXEMiezGGN75QcBcecDUKd3PgLAncT0oOgxKy8dd8hrJKj9MfzgfZd6g==
  /@types/node/10.12.30:
    dev: false
    resolution:
      integrity: sha512-nsqTN6zUcm9xtdJiM9OvOJ5EF0kOI8f1Zuug27O/rgtxCRJHGqncSWfCMZUP852dCKPsDsYXGvBhxfRjDBkF5Q==
  /@types/node/11.11.1:
    dev: false
    resolution:
      integrity: sha512-2azXFP9n4aA2QNLkKm/F9pzKxgYj1SMawZ5Eh9iC21RH3XNcFsivLVU2NhpMgQm7YobSByvIol4c42ZFusXFHQ==
  /advanced-map-altered-equal/0.0.3:
    dependencies:
      '@types/node': 10.12.30
      advanced-map-base: 0.0.2
      advanced-map-types: 0.0.2
      convenient-typescript-utilities: 0.0.3
      tslib: 1.9.3
    dev: false
    engines:
      node: '>= 8.9.0'
    resolution:
      integrity: sha512-Upvw6pfcn7MjE45gKM1R7QbNMCOKPtjyxZQcqANJj/tHYlLZ+X3mClYHbEg56TJ3FVIcPUS6TsgUnBQL0gLBqA==
  /advanced-map-base/0.0.2:
    dependencies:
      '@types/node': 10.12.30
      advanced-map-types: 0.0.2
      tslib: 1.9.3
      typescript-miscellaneous: 0.1.1
    deprecated: Depends on wrong version of "convenient-typescript-utilities"
    dev: false
    engines:
      node: '>= 8.9.0'
    resolution:
      integrity: sha512-fj4I4dNaEnVl9bSKsMXtgyVo4+kgV04ScFyLjyIfdNWp1FnRsCzWHtZDGblgq/Nau/2EMegOqW+PDN9qKmGDIA==
  /advanced-map-initialized/0.0.2:
    dependencies:
      '@types/node': 10.12.30
      advanced-map-base: 0.0.2
      advanced-map-types: 0.0.2
      tslib: 1.9.3
    dev: false
    engines:
      node: '>= 8.9.0'
    resolution:
      integrity: sha512-L6/yZylpOElrSpsZTPiMvpCsgnybX8JxYZX88EO2h+yNHYoqwRCojjNOifKSuoIFiWUb5mPFA0tlW7oTM8iOiQ==
  /advanced-map-multi-key-base/0.0.3:
    dependencies:
      '@types/node': 10.12.30
      advanced-map-altered-equal: 0.0.3
      advanced-map-types: 0.0.2
      create-array-equal: 0.0.1
      tslib: 1.9.3
    dev: false
    engines:
      node: '>= 8.9.0'
    resolution:
      integrity: sha512-mDPvBu3KKQlJ0GIA59JYQladqrIAtrZoHSt5TFebqcA0BAYiImgTyIjfROxtMb/0VYQgSeM/IWvmQizJmLoJvA==
  /advanced-map-mutable-multi-key/0.0.3:
    dependencies:
      '@types/node': 10.12.30
      advanced-map-multi-key-base: 0.0.3
      advanced-map-types: 0.0.2
      tslib: 1.9.3
    dev: false
    engines:
      node: '>= 8.9.0'
    resolution:
      integrity: sha512-5jWNMOV+rSDsn+9ybkMydgMRPiGm3/wqb7tQCIjWbpkVS2QUnlBjvodtGEoGOmXtLBHkybPy/t2TPHhsjFwrVw==
  /advanced-map-types/0.0.2:
    dependencies:
      '@types/node': 10.12.30
      tslib: 1.9.3
      typescript-miscellaneous: 0.1.1
    deprecated: Depends on wrong version of "convenient-typescript-utilities"
    dev: false
    engines:
      node: '>= 8.9.0'
    resolution:
      integrity: sha512-L6IJYPR2uFyt6W/R+1j70pG1M0KzkY9TpV0ySkJuhRAhOFxc2DZ3+0621eaivFoF5Yyc2+dQDwwpRUBwwa49iw==
  /convenient-typescript-utilities/0.0.3:
    dependencies:
      '@types/node': 10.12.30
      tslib: 1.9.3
    dev: false
    engines:
      node: '>= 8.9.0'
    resolution:
      integrity: sha512-kHjMz9faySaKMx9ZRwv9oTogYRXCGaKPYq+xsLEswBo+0a5r8l5Xk/7Q+vqDLMYMrTm2oW7wEgtiDcXonr8Nkg==
  /core-js/2.6.5:
    dev: false
    resolution:
      integrity: sha512-klh/kDpwX8hryYL14M9w/xei6vrv6sE8gTHDG7/T/+SEovB/G4ejwcfE/CBzO6Edsu+OETZMZ3wcX/EjUkrl5A==
  /create-array-equal/0.0.1:
    dependencies:
      '@types/node': 10.12.30
      iter-tools: 6.2.4
      tslib: 1.9.3
      typescript-miscellaneous: 0.1.1
    dev: false
    engines:
      node: '>= 8.9.0'
    resolution:
      integrity: sha512-QCpEgP2tYOfEK41zZzltXNWaB6HJYhZVVBEFc5o6+6FyHf4AUEVb0mBXJPYGNAPN/nT+TFFW4+ar8R3TQ1XxXg==
  /dequeue/1.0.5:
    dev: false
    resolution:
      integrity: sha1-EPHO8H4yNLIdyzj0v6LWYDSrZ8c=
  /iter-tools/6.2.4:
    dependencies:
      '@babel/runtime': 7.3.4
      '@babel/runtime-corejs2': 7.3.4
      dequeue: 1.0.5
      little-ds-toolkit: 1.1.0
      typescript-tuple: 2.2.1
      typescript-union: 0.1.0
      utility-types: 3.4.1
    dev: false
    resolution:
      integrity: sha512-CxQMjqjQVWFc2sFxFZOZ7o7mVLxWISWHS9Lt/PwwsvCzEDHQp0ksWaWgOA24Z6ziPd/0jTHBaIECdjgGUeZWcA==
  /little-ds-toolkit/1.1.0:
    dev: false
    resolution:
      integrity: sha512-2ARbmay5TrhFxFqcyFxPigmRToDuo8yxvIMdvwsDYNd/oZKnvsFT5L3I7s8WLXR7/tThYeffN9ouDtFFk4wzsA==
  /regenerator-runtime/0.12.1:
    dev: false
    resolution:
      integrity: sha512-odxIc1/vDlo4iZcfXqRYFj0vpXFNoGdKMAUieAlFYO6m/nl5e9KR/beGf41z4a1FI+aQgtjhuaSlDxQ0hmkrHg==
  /tslib/1.9.3:
    dev: false
    resolution:
      integrity: sha512-4krF8scpejhaOgqzBEcGM7yDIEfi0/8+8zDRZhNZZ2kjmHJ4hv3zCbQWxoJGz1iw5U0Jl0nma13xzHXcncMavQ==
  /typescript-compare/0.0.2:
    dependencies:
      typescript-logic: 0.0.0
    dev: false
    resolution:
      integrity: sha512-8ja4j7pMHkfLJQO2/8tut7ub+J3Lw2S3061eJLFQcvs3tsmJKp8KG5NtpLn7KcY2w08edF74BSVN7qJS0U6oHA==
  /typescript-logic/0.0.0:
    dev: false
    resolution:
      integrity: sha512-zXFars5LUkI3zP492ls0VskH3TtdeHCqu0i7/duGt60i5IGPIpAHE/DWo5FqJ6EjQ15YKXrt+AETjv60Dat34Q==
  /typescript-miscellaneous/0.1.1:
    dependencies:
      '@types/node': 10.12.30
      tslib: 1.9.3
    dev: false
    engines:
      node: '>= 8.9.0'
      typescript: '>= 3.0.0'
    resolution:
      integrity: sha512-dyGMilZPOL/qQMlJSWK+SbQyJpf6YZZPmPrbbdHGkAvGUvlhv4kGKTgddXWLxFWHTirR2I0VfD8mSwia3WLGtA==
  /typescript-tuple/1.7.3:
    dev: false
    engines:
      typescript: ^3.0.0
    resolution:
      integrity: sha512-ygCTfD6CX5ul+J0sZhq2MSouMNAeJpRXAFkYPUZomv457KWg15DuS7n+ubv15LtbX27iVo6DkuiX/5yyNdBvVg==
  /typescript-tuple/2.2.1:
    dependencies:
      typescript-compare: 0.0.2
    dev: false
    resolution:
      integrity: sha512-Zcr0lbt8z5ZdEzERHAMAniTiIKerFCMgd7yjq1fPnDJ43et/k9twIFQMUYff9k5oXcsQ0WpvFcgzK2ZKASoW6Q==
  /typescript-union/0.1.0:
    dependencies:
      typescript-tuple: 1.7.3
      utility-types: 2.1.0
    dev: false
    engines:
      typescript: ^3.0.0
    resolution:
      integrity: sha512-OwK3xxtSXKhiBRzOmIqtrjV26V5X0uSkp+qvDkqRukYIhC5VXqw5QO2v57Rzi6znbkJTTAHtgWkZikIgmYshEg==
  /utility-types/2.1.0:
    dev: false
    engines:
      node: '>= 4'
    resolution:
      integrity: sha512-/nP2gqavggo6l38rtQI/CdeV+2fmBGXVvHgj9kV2MAnms3TIi77Mz9BtapPFI0+GZQCqqom0vACQ+VlTTaCovw==
  /utility-types/3.4.1:
    dev: false
    engines:
      node: '>= 4'
    resolution:
      integrity: sha512-GyH068kJf7c4vhfqj4aCM5X+TeV8jG2iPFLimpGpnQ7dvKfogZOHfiYxMww/nGEfMm/bEmnVbeZGO1see1OVKg==
specifiers:
  '@types/node': ^11.11.1
  advanced-map-initialized: ^0.0.2
  advanced-map-mutable-multi-key: ^0.0.3
  tslib: ^1.9.3
