dependencies:
  '@types/node': 13.1.6
  advanced-map-initialized: 0.0.3
  advanced-map-mutable-multi-key: 0.0.4
  tslib: 1.10.0
lockfileVersion: 5.1
packages:
  /@babel/runtime-corejs2/7.7.7:
    dependencies:
      core-js: 2.6.11
      regenerator-runtime: 0.13.3
    dev: false
    resolution:
      integrity: sha512-P91T3dFYQL7aj44PxOMIAbo66Ag3NbmXG9fseSYaXxapp3K9XTct5HU9IpTOm2D0AoktKusgqzN5YcSxZXEKBQ==
  /@babel/runtime/7.7.7:
    dependencies:
      regenerator-runtime: 0.13.3
    dev: false
    resolution:
      integrity: sha512-uCnC2JEVAu8AKB5do1WRIsvrdJ0flYx/A/9f/6chdacnEZ7LmavjdsDXr5ksYBegxtuTPR5Va9/+13QF/kFkCA==
  /@types/node/10.17.13:
    dev: false
    resolution:
      integrity: sha512-pMCcqU2zT4TjqYFrWtYHKal7Sl30Ims6ulZ4UFXxI4xbtQqK/qqKwkDoBFCfooRqqmRu9vY3xaJRwxSh673aYg==
  /@types/node/12.12.24:
    dev: false
    resolution:
      integrity: sha512-1Ciqv9pqwVtW6FsIUKSZNB82E5Cu1I2bBTj1xuIHXLe/1zYLl3956Nbhg2MzSYHVfl9/rmanjbQIb7LibfCnug==
  /@types/node/13.1.6:
    dev: false
    resolution:
      integrity: sha512-Jg1F+bmxcpENHP23sVKkNuU3uaxPnsBMW0cLjleiikFKomJQbsn0Cqk2yDvQArqzZN6ABfBkZ0To7pQ8sLdWDg==
  /advanced-map-altered-equal/0.0.4:
    dependencies:
      '@types/node': 12.12.24
      advanced-map-base: 0.0.3
      advanced-map-types: 0.0.3
      convenient-typescript-utilities: 0.0.4
      tslib: 1.10.0
    dev: false
    engines:
      node: '>= 8.9.0'
    resolution:
      integrity: sha512-dAyU/vvUW1T6ldD7MCmlSsC334mxmj0DK9ueQnmoYUgdWN4BSho1aVYsY7X5e6poAXFfnIi6BJhM47SBdGHFAQ==
  /advanced-map-base/0.0.3:
    dependencies:
      '@types/node': 12.12.24
      advanced-map-types: 0.0.3
      tslib: 1.10.0
      typescript-miscellaneous: 0.1.1
    dev: false
    engines:
      node: '>= 8.9.0'
    resolution:
      integrity: sha512-2iVMbTr1ioSdvYiMWybCXc4jaTw9nsS9VV3XilQUVSt0nxRpb2bSw55/ItCG3GUP1UMb91tQOSSXAl7ronhPvg==
  /advanced-map-initialized/0.0.3:
    dependencies:
      '@types/node': 12.12.24
      advanced-map-base: 0.0.3
      advanced-map-types: 0.0.3
      tslib: 1.10.0
    dev: false
    engines:
      node: '>= 8.9.0'
    resolution:
      integrity: sha512-mlPzbrojhQXOOwOP1RIZ0u4MLA2bGphMUGCgFUib1e46lM3hB9Xbm0qswDTX7E44uCVPaqMGQF4oMP/yTnVFhw==
  /advanced-map-multi-key-base/0.0.4:
    dependencies:
      '@types/node': 12.12.24
      advanced-map-altered-equal: 0.0.4
      advanced-map-types: 0.0.3
      create-array-equal: 0.0.2
      tslib: 1.10.0
    dev: false
    engines:
      node: '>= 8.9.0'
    resolution:
      integrity: sha512-gK9L9hbuQYz3GqIKMIqKcKwhIaE4a6P1O/Nl1xoGS3giCqO7beXBNoNbsPm+yHpbCQWQouHx7V/EXGjg611KnA==
  /advanced-map-mutable-multi-key/0.0.4:
    dependencies:
      '@types/node': 12.12.24
      advanced-map-multi-key-base: 0.0.4
      advanced-map-types: 0.0.3
      tslib: 1.10.0
    dev: false
    engines:
      node: '>= 8.9.0'
    resolution:
      integrity: sha512-On7v9SNaPUhT7RSFtcPkwZq1nujxYOkdJCN9Q6itudZqA1k4UWPsNnWNsF0cAJBtN51BzRg8DWxv3wtgXpdLxQ==
  /advanced-map-types/0.0.3:
    dependencies:
      '@types/node': 12.12.24
      tslib: 1.10.0
      typescript-miscellaneous: 0.1.1
    dev: false
    engines:
      node: '>= 8.9.0'
    resolution:
      integrity: sha512-W/L5l30/AwWXR16W6ODU4vo7zfOaMJ44VgZMnkM2rgHrKJCD3w9heB18yoMrqy0AkEodIKiDs2FFjS57zMK9nQ==
  /convenient-typescript-utilities/0.0.4:
    dependencies:
      '@types/node': 12.12.24
      tslib: 1.10.0
    dev: false
    engines:
      node: '>= 8.9.0'
    resolution:
      integrity: sha512-ymI2O6ijNuy/gw+j2DllCAsxQfK+TrENaCAd1uqFpYAhyi5+3HNYvnAaU5bQMRyYEa5HCy09zuTz0tsn3FYaIg==
  /core-js/2.6.11:
    deprecated: 'core-js@<3 is no longer maintained and not recommended for usage due to the number of issues. Please, upgrade your dependencies to the actual version of core-js@3.'
    dev: false
    requiresBuild: true
    resolution:
      integrity: sha512-5wjnpaT/3dV+XB4borEsnAYQchn00XSgTAWKDkEqv+K8KevjbzmofK6hfJ9TZIlpj2N0xQpazy7PiRQiWHqzWg==
  /create-array-equal/0.0.2:
    dependencies:
      '@types/node': 12.12.24
      iter-tools: 6.2.6
      tslib: 1.10.0
      typescript-miscellaneous: 0.1.1
    dev: false
    engines:
      node: '>= 8.9.0'
    resolution:
      integrity: sha512-Rc+11fsqBlU/2Qg7pHdfQ+FIOw9Z2HvqRzi7TzNfPNs8b2Ob/3lRDbZuJ9iMffD6j/YSu4YUGCszvCiXO7A7dQ==
  /dequeue/1.0.5:
    dev: false
    resolution:
      integrity: sha1-EPHO8H4yNLIdyzj0v6LWYDSrZ8c=
  /iter-tools/6.2.6:
    dependencies:
      '@babel/runtime': 7.7.7
      '@babel/runtime-corejs2': 7.7.7
      dequeue: 1.0.5
      little-ds-toolkit: 1.1.1
      typescript-tuple: 2.2.1
      typescript-union: 0.1.2
      utility-types: 3.10.0
    dev: false
    resolution:
      integrity: sha512-DlBSv7cIrM214wYFxyz4vg98BmEpxFTGx37ei/ktYT05shJHoDwz7wuaPx3XhaJi1uGEc5bM+vUBWhm3z6yNIg==
  /little-ds-toolkit/1.1.1:
    dev: false
    resolution:
      integrity: sha512-Zl5flhnd5W6nhRCyoL1bNlU8M5CWFp6SItMmK4pj39LKgzQD7LGg591OJ0jwDKat7mjHvJVkOyJT+BXOQH4iXw==
  /regenerator-runtime/0.13.3:
    dev: false
    resolution:
      integrity: sha512-naKIZz2GQ8JWh///G7L3X6LaQUAMp2lvb1rvwwsURe/VXwD6VMfr+/1NuNw3ag8v2kY1aQ/go5SNn79O9JU7yw==
  /tslib/1.10.0:
    dev: false
    resolution:
      integrity: sha512-qOebF53frne81cf0S9B41ByenJ3/IuH8yJKngAX35CmiZySA0khhkovshKK+jGCaMnVomla7gVlIcc3EvKPbTQ==
  /typescript-compare/0.0.2:
    dependencies:
      typescript-logic: 0.0.0
    dev: false
    resolution:
      integrity: sha512-8ja4j7pMHkfLJQO2/8tut7ub+J3Lw2S3061eJLFQcvs3tsmJKp8KG5NtpLn7KcY2w08edF74BSVN7qJS0U6oHA==
  /typescript-logic/0.0.0:
    dev: false
    resolution:
      integrity: sha512-zXFars5LUkI3zP492ls0VskH3TtdeHCqu0i7/duGt60i5IGPIpAHE/DWo5FqJ6EjQ15YKXrt+AETjv60Dat34Q==
  /typescript-miscellaneous/0.1.1:
    dependencies:
      '@types/node': 10.17.13
      tslib: 1.10.0
    dev: false
    engines:
      node: '>= 8.9.0'
      typescript: '>= 3.0.0'
    resolution:
      integrity: sha512-dyGMilZPOL/qQMlJSWK+SbQyJpf6YZZPmPrbbdHGkAvGUvlhv4kGKTgddXWLxFWHTirR2I0VfD8mSwia3WLGtA==
  /typescript-tuple/2.2.1:
    dependencies:
      typescript-compare: 0.0.2
    dev: false
    resolution:
      integrity: sha512-Zcr0lbt8z5ZdEzERHAMAniTiIKerFCMgd7yjq1fPnDJ43et/k9twIFQMUYff9k5oXcsQ0WpvFcgzK2ZKASoW6Q==
  /typescript-union/0.1.2:
    dependencies:
      typescript-tuple: 2.2.1
      utility-types: 3.10.0
    dev: false
    resolution:
      integrity: sha512-pzfdtUZ8teglF69/dllzgd6yV7ikoszPHVyOkl4WGICRhTJgCTwL3+ZnnF/hvII536VbsNMQfd9GmLBNhtsmgg==
  /utility-types/3.10.0:
    dev: false
    engines:
      node: '>= 4'
    resolution:
      integrity: sha512-O11mqxmi7wMKCo6HKFt5AhO4BwY3VV68YU07tgxfz8zJTIxr4BpsezN49Ffwy9j3ZpwwJp4fkRwjRzq3uWE6Rg==
specifiers:
  '@types/node': ^13.1.6
  advanced-map-initialized: ^0.0.3
  advanced-map-mutable-multi-key: ^0.0.4
  tslib: ^1.10.0
