dependencies:
  evented-stream: 'link:../../packages/evented-stream'
  monorepo-shared-assets: 0.0.17
  simple-fake-stream: 'link:../../packages/simple-fake-stream'
  static-type-assert: 3.0.1
lockfileVersion: 5.1
packages:
  /@types/node/10.14.15:
    dev: false
    resolution:
      integrity: sha512-CBR5avlLcu0YCILJiDIXeU2pTw7UK/NIxfC63m7d7CVamho1qDEzXKkOtEauQRPMy6MI8mLozth+JJkas7HY6g==
  /@types/ramda/0.25.51:
    dev: false
    resolution:
      integrity: sha512-xcmtfHIgF9SYjhGdsZR1nQslxG4hu0cIpFfLQ4CWdw3KzHvl7ki1AzFLQUkbDTG42ZN3ZsQfdRzXRlkAvbIy5Q==
  /immutable/3.8.2:
    dev: false
    engines:
      node: '>=0.10.0'
    resolution:
      integrity: sha1-wkOZUUVbs5kT2vKBN28VMOEErfM=
  /monorepo-shared-assets/0.0.17:
    dependencies:
      '@types/node': 10.14.15
      '@types/ramda': 0.25.51
      immutable: 3.8.2
      ramda: 0.25.0
      tslib: 1.10.0
    dev: false
    engines:
      node: '>= 8.9.0'
    resolution:
      integrity: sha512-A0Y2mZ06vwBR0fyZdZZPn5MJcaIcxfs7BGGv9SU82c6e6k6UwnEQWmVx4LkiVvlnwgKI7+MVIFwMwTZhRGM+eQ==
  /ramda/0.25.0:
    dev: false
    resolution:
      integrity: sha512-GXpfrYVPwx3K7RQ6aYT8KPS8XViSXUVJT1ONhoKPE9VAleW42YE+U+8VEyGWt41EnEQW7gwecYJriTI0pKoecQ==
  /static-type-assert/3.0.1:
    dependencies:
      typescript-compare: 0.0.2
    dev: false
    peerDependencies:
      typescript: ^3.0.3
    resolution:
      integrity: sha512-zMKAbDEqRbysJdAmO6fcylkbTa1GQ285xZZvTxbjxNficxF+zVdkwsozJqbVntKds0oZ40kLFkPYTi2JO3zOBA==
  /tslib/1.10.0:
    dev: false
    resolution:
      integrity: sha512-qOebF53frne81cf0S9B41ByenJ3/IuH8yJKngAX35CmiZySA0khhkovshKK+jGCaMnVomla7gVlIcc3EvKPbTQ==
  /typescript-compare/0.0.2:
    dependencies:
      typescript-logic: 0.0.0
    dev: false
    resolution:
      integrity: sha512-8ja4j7pMHkfLJQO2/8tut7ub+J3Lw2S3061eJLFQcvs3tsmJKp8KG5NtpLn7KcY2w08edF74BSVN7qJS0U6oHA==
  /typescript-logic/0.0.0:
    dev: false
    resolution:
      integrity: sha512-zXFars5LUkI3zP492ls0VskH3TtdeHCqu0i7/duGt60i5IGPIpAHE/DWo5FqJ6EjQ15YKXrt+AETjv60Dat34Q==
specifiers:
  evented-stream: 'file:../../packages/evented-stream'
  monorepo-shared-assets: ^0.0.17
  simple-fake-stream: 'file:../../packages/simple-fake-stream'
  static-type-assert: ^3.0.1
