dependencies:
  '@types/node': 12.6.9
  tslib: 1.10.0
  wide-text: 'link:../../packages/wide-text'
lockfileVersion: 5.1
packages:
  /@types/node/12.6.9:
    dev: false
    resolution:
      integrity: sha512-+YB9FtyxXGyD54p8rXwWaN1EWEyar5L58GlGWgtH2I9rGmLGBQcw63+0jw+ujqVavNuO47S1ByAjm9zdHMnskw==
  /tslib/1.10.0:
    dev: false
    resolution:
      integrity: sha512-qOebF53frne81cf0S9B41ByenJ3/IuH8yJKngAX35CmiZySA0khhkovshKK+jGCaMnVomla7gVlIcc3EvKPbTQ==
specifiers:
  '@types/node': ^12.6.9
  tslib: ^1.10.0
  wide-text: 'file:../../packages/wide-text'
