lockfileVersion: 5.3

specifiers:
  '@tools/test-utils': file:../../tools/test-utils
  simple-fake-console: file:../../packages/simple-fake-console
  static-type-assert: ^4.0.0

dependencies:
  '@tools/test-utils': link:../../tools/test-utils
  simple-fake-console: link:../../packages/simple-fake-console
  static-type-assert: 4.0.0

packages:

  /static-type-assert/4.0.0:
    resolution: {integrity: sha512-Ss1RVV8Hp+DVaAQsGgssl2+xuLqyJQOJzrz/6GJG8wfObU7t8tFbQddquX+U//pwU1tSLghUgTQ4JQPaOxfsww==}
    peerDependencies:
      typescript: ^3.0.3
    dependencies:
      typescript-compare: 0.0.2
    dev: false

  /typescript-compare/0.0.2:
    resolution: {integrity: sha512-8ja4j7pMHkfLJQO2/8tut7ub+J3Lw2S3061eJLFQcvs3tsmJKp8KG5NtpLn7KcY2w08edF74BSVN7qJS0U6oHA==}
    dependencies:
      typescript-logic: 0.0.0
    dev: false

  /typescript-logic/0.0.0:
    resolution: {integrity: sha512-zXFars5LUkI3zP492ls0VskH3TtdeHCqu0i7/duGt60i5IGPIpAHE/DWo5FqJ6EjQ15YKXrt+AETjv60Dat34Q==}
    dev: false
