dependencies:
  '@types/node': 13.1.7
  advanced-spawn-async: 0.1.1
  tslib: 1.10.0
lockfileVersion: 5.1
packages:
  /@types/node/12.12.24:
    dev: false
    resolution:
      integrity: sha512-1Ciqv9pqwVtW6FsIUKSZNB82E5Cu1I2bBTj1xuIHXLe/1zYLl3956Nbhg2MzSYHVfl9/rmanjbQIb7LibfCnug==
  /@types/node/13.1.7:
    dev: false
    resolution:
      integrity: sha512-HU0q9GXazqiKwviVxg9SI/+t/nAsGkvLDkIdxz+ObejG2nX6Si00TeLqHMoS+a/1tjH7a8YpKVQwtgHuMQsldg==
  /advanced-spawn-async/0.1.1:
    dependencies:
      '@types/node': 12.12.24
      tslib: 1.10.0
    dev: false
    resolution:
      integrity: sha512-dLx3b6reKiCnBNCyJEE3HQg5FsDEh2w86zXDb68g9WFgC6rU1XjT7rJwIL8O6D+WQX4Yg6pumiPlcwiPNJA9Fg==
  /tslib/1.10.0:
    dev: false
    resolution:
      integrity: sha512-qOebF53frne81cf0S9B41ByenJ3/IuH8yJKngAX35CmiZySA0khhkovshKK+jGCaMnVomla7gVlIcc3EvKPbTQ==
specifiers:
  '@types/node': ^13.1.7
  advanced-spawn-async: ^0.1.1
  tslib: ^1.10.0
