dependencies:
  '@tools/preloaded-node': 'link:../../tools/preloaded-node'
  parse-markdown-table-cli: 'link:../../packages/parse-markdown-table-cli'
  simple-fake-console: 'link:../../packages/simple-fake-console'
lockfileVersion: 5.1
specifiers:
  '@tools/preloaded-node': 'file:../../tools/preloaded-node'
  parse-markdown-table-cli: 'file:../../packages/parse-markdown-table-cli'
  simple-fake-console: 'file:../../packages/simple-fake-console'
