dependencies:
  '@types/node': 13.13.9
  string-stream-utils: 'link:../string-stream-utils'
  table-parser-base: 'link:../table-parser-base'
  tslib: 1.13.0
lockfileVersion: 5.1
packages:
  /@types/node/13.13.9:
    dev: false
    resolution:
      integrity: sha512-EPZBIGed5gNnfWCiwEIwTE2Jdg4813odnG8iNPMQGrqVxrI+wL68SPtPeCX+ZxGBaA6pKAVc6jaKgP/Q0QzfdQ==
  /tslib/1.13.0:
    dev: false
    resolution:
      integrity: sha512-i/6DQjL8Xf3be4K/E6Wgpekn5Qasl1usyw++dAA35Ue5orEn65VIxOA+YvNNl9HV3qv70T7CNwjODHZrLwvd1Q==
specifiers:
  '@types/node': ^13.11.1
  string-stream-utils: ^0.0.3
  table-parser-base: ^0.0.3
  tslib: ^1.11.1
