dependencies:
  '@types/node': 13.7.0
  string-stream-utils: 'link:../string-stream-utils'
  table-parser-base: 'link:../table-parser-base'
  tslib: 1.10.0
lockfileVersion: 5.1
packages:
  /@types/node/13.7.0:
    dev: false
    resolution:
      integrity: sha512-GnZbirvmqZUzMgkFn70c74OQpTTUcCzlhQliTzYjQMqg+hVKcDnxdL19Ne3UdYzdMA/+W3eb646FWn/ZaT1NfQ==
  /tslib/1.10.0:
    dev: false
    resolution:
      integrity: sha512-qOebF53frne81cf0S9B41ByenJ3/IuH8yJKngAX35CmiZySA0khhkovshKK+jGCaMnVomla7gVlIcc3EvKPbTQ==
specifiers:
  '@types/node': ^13.7.0
  string-stream-utils: ^0.0.1
  table-parser-base: ^0.0.1
  tslib: ^1.10.0
