lockfileVersion: 5.3

specifiers:
  '@types/node': ^16.0.0
  evented-stream-types: ^0.1.8
  monorepo-shared-assets: ^0.0.19
  tslib: ^2.0.1

dependencies:
  '@types/node': 16.11.11
  evented-stream-types: link:../evented-stream-types
  monorepo-shared-assets: 0.0.19
  tslib: 2.0.1

packages:

  /@tsfun/array/0.0.0:
    resolution: {integrity: sha512-y18KD65Ba1a7jXJ8PBIGjfkCtR32wd0XOPaV5D8z9uBiNE+pIF0PCnHKVHZ4+GcaRa/Y7HkTWJxmcjs283ggmw==}
    dependencies:
      '@types/node': 13.13.9
      tslib: 1.13.0
    dev: false

  /@types/node/13.13.9:
    resolution: {integrity: sha512-EPZBIGed5gNnfWCiwEIwTE2Jdg4813odnG8iNPMQGrqVxrI+wL68SPtPeCX+ZxGBaA6pKAVc6jaKgP/Q0QzfdQ==}
    dev: false

  /@types/node/16.11.11:
    resolution: {integrity: sha512-KB0sixD67CeecHC33MYn+eYARkqTheIRNuu97y2XMjR7Wu3XibO1vaY6VBV6O/a89SPI81cEUIYT87UqUWlZNw==}
    dev: false

  /immutable/4.0.0-rc.12:
    resolution: {integrity: sha512-0M2XxkZLx/mi3t8NVwIm1g8nHoEmM9p9UBl/G9k4+hm0kBgOVdMV/B3CY5dQ8qG8qc80NN4gDV4HQv6FTJ5q7A==}
    dev: false

  /monorepo-shared-assets/0.0.19:
    resolution: {integrity: sha512-xUb+p+UnAiR5Zg34IYv8bO0FlFu84xkBJcZXHLLK5DNQS29NQwiNT/qcwS95BWgAcOGgD8M8Sqs2qoXvR9s5QQ==}
    engines: {node: '>= 8.9.0'}
    dependencies:
      '@tsfun/array': 0.0.0
      '@types/node': 13.13.9
      immutable: 4.0.0-rc.12
      tslib: 1.13.0
    dev: false

  /tslib/1.13.0:
    resolution: {integrity: sha512-i/6DQjL8Xf3be4K/E6Wgpekn5Qasl1usyw++dAA35Ue5orEn65VIxOA+YvNNl9HV3qv70T7CNwjODHZrLwvd1Q==}
    dev: false

  /tslib/2.0.1:
    resolution: {integrity: sha512-SgIkNheinmEBgx1IUNirK0TUD4X9yjjBRTqqjggWCU3pUEqIk3/Uwl3yRixYKT6WjQuGiwDv4NomL3wqRCj+CQ==}
    dev: false
