dependencies:
  '@types/fs-extra': 7.0.0
  '@types/node': 11.13.11
  catls-lib: 'link:../catls-lib'
  fs-extra: 7.0.1
  ts-yargs: 'link:../ts-yargs'
  tslib: 1.9.3
lockfileVersion: 5
packages:
  /@types/fs-extra/7.0.0:
    dependencies:
      '@types/node': 11.13.11
    dev: false
    resolution:
      integrity: sha512-ndoMMbGyuToTy4qB6Lex/inR98nPiNHacsgMPvy+zqMLgSxbt8VtWpDArpGp69h1fEDQHn1KB+9DWD++wgbwYA==
  /@types/node/11.13.11:
    dev: false
    resolution:
      integrity: sha512-blLeR+KIy26km1OU8yTLUlSyVCOvT6+wPq/77tIA+uSHHa4yYQosn+bbaJqPtWId0wjVClUtD7aXzDbZeKWqig==
  /fs-extra/7.0.1:
    dependencies:
      graceful-fs: 4.1.15
      jsonfile: 4.0.0
      universalify: 0.1.2
    dev: false
    engines:
      node: '>=6 <7 || >=8'
    resolution:
      integrity: sha512-YJDaCJZEnBmcbw13fvdAM9AwNOJwOzrE4pqMqBq5nFiEqXUqHwlK4B+3pUw6JNvfSPtX05xFHtYy/1ni01eGCw==
  /graceful-fs/4.1.15:
    dev: false
    resolution:
      integrity: sha512-6uHUhOPEBgQ24HM+r6b/QwWfZq+yiFcipKFrOFiBEnWdy5sdzYoi+pJeQaPI5qOLRFqWmAXUPQNsielzdLoecA==
  /jsonfile/4.0.0:
    dev: false
    optionalDependencies:
      graceful-fs: 4.1.15
    resolution:
      integrity: sha1-h3Gq4HmbZAdrdmQPygWPnBDjPss=
  /tslib/1.9.3:
    dev: false
    resolution:
      integrity: sha512-4krF8scpejhaOgqzBEcGM7yDIEfi0/8+8zDRZhNZZ2kjmHJ4hv3zCbQWxoJGz1iw5U0Jl0nma13xzHXcncMavQ==
  /universalify/0.1.2:
    dev: false
    engines:
      node: '>= 4.0.0'
    resolution:
      integrity: sha512-rBJeI5CXAlmy1pV+617WB9J63U6XcazHHF2f2dbJix4XzpUF0RS3Zbj0FGIOCAva5P/d/GBOYaACQ1w+0azUkg==
specifiers:
  '@types/fs-extra': ^7.0.0
  '@types/node': ^11.11.1
  catls-lib: ^0.0.7
  fs-extra: ^7.0.1
  ts-yargs: ^0.0.1
  tslib: ^1.9.3
