dependencies:
  '@tools/preloaded-node': 'link:../../tools/preloaded-node'
  extra-jest: 0.0.25
  iter-tools: 6.2.5
  wide-text: 'link:../../packages/wide-text'
  wide-text-bin: 'link:../../packages/wide-text-bin'
lockfileVersion: 5.1
packages:
  /@babel/runtime-corejs2/7.5.5:
    dependencies:
      core-js: 2.6.9
      regenerator-runtime: 0.13.3
    dev: false
    resolution:
      integrity: sha512-FYATQVR00NSNi7mUfpPDp7E8RYMXDuO8gaix7u/w3GekfUinKgX1AcTxs7SoiEmoEW9mbpjrwqWSW6zCmw5h8A==
  /@babel/runtime/7.5.5:
    dependencies:
      regenerator-runtime: 0.13.3
    dev: false
    resolution:
      integrity: sha512-28QvEGyQyNkB0/m2B4FU7IEZGK2NUrcMtT6BZEFALTguLk+AUT6ofsHtPk5QyjAdUkpMJ+/Em+quwz4HOt30AQ==
  /@types/fs-extra/5.1.0:
    dependencies:
      '@types/node': 12.6.9
    dev: false
    resolution:
      integrity: sha512-AInn5+UBFIK9FK5xc9yP5e3TQSPNNgjHByqYcj9g5elVBnDQcQL7PlO1CIRy2gWlbwK7UPYqi7vRvFA44dCmYQ==
  /@types/js-yaml/3.12.1:
    dev: false
    resolution:
      integrity: sha512-SGGAhXLHDx+PK4YLNcNGa6goPf9XRWQNAUUbffkwVGGXIxmDKWyGGL4inzq2sPmExu431Ekb9aEMn9BkPqEYFA==
  /@types/node/10.14.14:
    dev: false
    resolution:
      integrity: sha512-xXD08vZsvpv4xptQXj1+ky22f7ZoKu5ZNI/4l+/BXG3X+XaeZsmaFbbTKuhSE3NjjvRuZFxFf9sQBMXIcZNFMQ==
  /@types/node/11.13.18:
    dev: false
    resolution:
      integrity: sha512-sMHdXLccscaxI+Hlzz58yLQue3lQyXP+6aQniDRi5oju3n0123kcjhicVGF20WF7cHiwJ2vxMbXc4skOclosoA==
  /@types/node/12.6.9:
    dev: false
    resolution:
      integrity: sha512-+YB9FtyxXGyD54p8rXwWaN1EWEyar5L58GlGWgtH2I9rGmLGBQcw63+0jw+ujqVavNuO47S1ByAjm9zdHMnskw==
  /@types/ramda/0.25.51:
    dev: false
    resolution:
      integrity: sha512-xcmtfHIgF9SYjhGdsZR1nQslxG4hu0cIpFfLQ4CWdw3KzHvl7ki1AzFLQUkbDTG42ZN3ZsQfdRzXRlkAvbIy5Q==
  /@types/ramda/0.26.18:
    dev: false
    resolution:
      integrity: sha512-wK3NLaAkL/ht7Nw4IZsOagJuYqzZgoboFvILolOPtmoKyy25gTdz/uvB/bXsv6vdWENYv+ml5ph873P2d/+9HA==
  /argparse/1.0.10:
    dependencies:
      sprintf-js: 1.0.3
    dev: false
    resolution:
      integrity: sha512-o5Roy6tNG4SL/FOkCAN6RzjiakZS25RLYFrcMttJqbdd8BWrnA+fGz57iN5Pb06pvBGvl5gQ0B48dJlslXvoTg==
  /core-js/2.6.9:
    dev: false
    requiresBuild: true
    resolution:
      integrity: sha512-HOpZf6eXmnl7la+cUdMnLvUxKNqLUzJvgIziQ0DiF3JwSImNphIqdGqzj6hIKyX04MmV0poclQ7+wjWvxQyR2A==
  /dequeue/1.0.5:
    dev: false
    resolution:
      integrity: sha1-EPHO8H4yNLIdyzj0v6LWYDSrZ8c=
  /esprima/4.0.1:
    dev: false
    engines:
      node: '>=4'
    hasBin: true
    resolution:
      integrity: sha512-eGuFFw7Upda+g4p+QHvnW0RyTX/SVeJBDM/gCtMARO0cLuT2HcEKnTPvhjV6aGeqrCB/sbNop0Kszm0jsaWU4A==
  /extra-jest/0.0.25:
    dependencies:
      '@types/fs-extra': 5.1.0
      '@types/js-yaml': 3.12.1
      '@types/node': 11.13.18
      '@types/ramda': 0.26.18
      fs-extra: 7.0.1
      fs-tree-utils: 0.1.6
      js-yaml: 3.13.1
      ramda: 0.26.1
      tslib: 1.10.0
      unique-temp-path: 0.1.1
    dev: false
    engines:
      node: '>= 8.9.0'
    peerDependencies:
      jest: ^24.5.0
    resolution:
      integrity: sha512-v7Bf3JgU1UU77kKq8fv/0lZ7Csw9ulh7iQfHD6kRV2jAseQBFaE5g4+OtFNEC0Hlrf9OJdso8dqaznTPp147Gg==
  /fs-extra/7.0.1:
    dependencies:
      graceful-fs: 4.2.0
      jsonfile: 4.0.0
      universalify: 0.1.2
    dev: false
    engines:
      node: '>=6 <7 || >=8'
    resolution:
      integrity: sha512-YJDaCJZEnBmcbw13fvdAM9AwNOJwOzrE4pqMqBq5nFiEqXUqHwlK4B+3pUw6JNvfSPtX05xFHtYy/1ni01eGCw==
  /fs-tree-utils/0.1.6:
    dependencies:
      '@types/fs-extra': 5.1.0
      '@types/node': 10.14.14
      '@types/ramda': 0.25.51
      fs-extra: 7.0.1
      monorepo-shared-assets: 0.0.17
      ramda: 0.25.0
      tslib: 1.10.0
    dev: false
    engines:
      node: '>= 8.9.0'
    resolution:
      integrity: sha512-qsOeiFlr2zfQXkLziZh5FLxRPHmUm3Cfwj4cTjVVVij1gtHGkS11/6nxGA1l7ndvb2d+iKiQartR0cewodT5zg==
  /graceful-fs/4.2.0:
    dev: false
    resolution:
      integrity: sha512-jpSvDPV4Cq/bgtpndIWbI5hmYxhQGHPC4d4cqBPb4DLniCfhJokdXhwhaDuLBGLQdvvRum/UiX6ECVIPvDXqdg==
  /immutable/3.8.2:
    dev: false
    engines:
      node: '>=0.10.0'
    resolution:
      integrity: sha1-wkOZUUVbs5kT2vKBN28VMOEErfM=
  /iter-tools/6.2.5:
    dependencies:
      '@babel/runtime': 7.5.5
      '@babel/runtime-corejs2': 7.5.5
      dequeue: 1.0.5
      little-ds-toolkit: 1.1.1
      typescript-tuple: 2.2.1
      typescript-union: 0.1.2
      utility-types: 3.7.0
    dev: false
    resolution:
      integrity: sha512-63drajuMy4Ehx9EooIqBDjcFGOTY30W7SU7DrplPIa6ZdvQIBcK7QTW5TUrNoJRDEbNJG9yioUAU/Ezhys211w==
  /js-yaml/3.13.1:
    dependencies:
      argparse: 1.0.10
      esprima: 4.0.1
    dev: false
    hasBin: true
    resolution:
      integrity: sha512-YfbcO7jXDdyj0DGxYVSlSeQNHbD7XPWvrVWeVUujrQEoZzWJIRrCPoyk6kL6IAjAG2IolMK4T0hNUe0HOUs5Jw==
  /jsonfile/4.0.0:
    dev: false
    optionalDependencies:
      graceful-fs: 4.2.0
    resolution:
      integrity: sha1-h3Gq4HmbZAdrdmQPygWPnBDjPss=
  /little-ds-toolkit/1.1.1:
    dev: false
    resolution:
      integrity: sha512-Zl5flhnd5W6nhRCyoL1bNlU8M5CWFp6SItMmK4pj39LKgzQD7LGg591OJ0jwDKat7mjHvJVkOyJT+BXOQH4iXw==
  /monorepo-shared-assets/0.0.17:
    dependencies:
      '@types/node': 10.14.14
      '@types/ramda': 0.25.51
      immutable: 3.8.2
      ramda: 0.25.0
      tslib: 1.10.0
    dev: false
    engines:
      node: '>= 8.9.0'
    resolution:
      integrity: sha512-A0Y2mZ06vwBR0fyZdZZPn5MJcaIcxfs7BGGv9SU82c6e6k6UwnEQWmVx4LkiVvlnwgKI7+MVIFwMwTZhRGM+eQ==
  /ramda/0.25.0:
    dev: false
    resolution:
      integrity: sha512-GXpfrYVPwx3K7RQ6aYT8KPS8XViSXUVJT1ONhoKPE9VAleW42YE+U+8VEyGWt41EnEQW7gwecYJriTI0pKoecQ==
  /ramda/0.26.1:
    dev: false
    resolution:
      integrity: sha512-hLWjpy7EnsDBb0p+Z3B7rPi3GDeRG5ZtiI33kJhTt+ORCd38AbAIjB/9zRIUoeTbE/AVX5ZkU7m6bznsvrf8eQ==
  /regenerator-runtime/0.13.3:
    dev: false
    resolution:
      integrity: sha512-naKIZz2GQ8JWh///G7L3X6LaQUAMp2lvb1rvwwsURe/VXwD6VMfr+/1NuNw3ag8v2kY1aQ/go5SNn79O9JU7yw==
  /sprintf-js/1.0.3:
    dev: false
    resolution:
      integrity: sha1-BOaSb2YolTVPPdAVIDYzuFcpfiw=
  /tslib/1.10.0:
    dev: false
    resolution:
      integrity: sha512-qOebF53frne81cf0S9B41ByenJ3/IuH8yJKngAX35CmiZySA0khhkovshKK+jGCaMnVomla7gVlIcc3EvKPbTQ==
  /typescript-compare/0.0.2:
    dependencies:
      typescript-logic: 0.0.0
    dev: false
    resolution:
      integrity: sha512-8ja4j7pMHkfLJQO2/8tut7ub+J3Lw2S3061eJLFQcvs3tsmJKp8KG5NtpLn7KcY2w08edF74BSVN7qJS0U6oHA==
  /typescript-logic/0.0.0:
    dev: false
    resolution:
      integrity: sha512-zXFars5LUkI3zP492ls0VskH3TtdeHCqu0i7/duGt60i5IGPIpAHE/DWo5FqJ6EjQ15YKXrt+AETjv60Dat34Q==
  /typescript-tuple/2.2.1:
    dependencies:
      typescript-compare: 0.0.2
    dev: false
    resolution:
      integrity: sha512-Zcr0lbt8z5ZdEzERHAMAniTiIKerFCMgd7yjq1fPnDJ43et/k9twIFQMUYff9k5oXcsQ0WpvFcgzK2ZKASoW6Q==
  /typescript-union/0.1.2:
    dependencies:
      typescript-tuple: 2.2.1
      utility-types: 3.7.0
    dev: false
    resolution:
      integrity: sha512-pzfdtUZ8teglF69/dllzgd6yV7ikoszPHVyOkl4WGICRhTJgCTwL3+ZnnF/hvII536VbsNMQfd9GmLBNhtsmgg==
  /unique-temp-path/0.1.1:
    dependencies:
      '@types/node': 10.14.14
      tslib: 1.10.0
    dev: false
    engines:
      node: '>= 8.9.0'
    hasBin: true
    resolution:
      integrity: sha512-hYlBbvWrpY5sitojnCwIuWH8FNx7CzNyGqG+CbxRDOe3ehqrPmMRj3D2jy3/6C35+VbRBUVy6f2o29y3SyJ/ag==
  /universalify/0.1.2:
    dev: false
    engines:
      node: '>= 4.0.0'
    resolution:
      integrity: sha512-rBJeI5CXAlmy1pV+617WB9J63U6XcazHHF2f2dbJix4XzpUF0RS3Zbj0FGIOCAva5P/d/GBOYaACQ1w+0azUkg==
  /utility-types/3.7.0:
    dev: false
    engines:
      node: '>= 4'
    resolution:
      integrity: sha512-mqRJXN7dEArK/NZNJUubjr9kbFFVZcmF/JHDc9jt5O/aYXUVmopHYujDMhLmLil1Bxo2+khe6KAIVvDH9Yc4VA==
specifiers:
  '@tools/preloaded-node': 'file:../../tools/preloaded-node'
  extra-jest: ^0.0.25
  iter-tools: ^6.2.5
  wide-text: 'file:../../packages/wide-text'
  wide-text-bin: 'file:../../packages/wide-text-bin'
