dependencies:
  '@types/node': 11.11.1
  '@types/ramda': 0.26.3
  advanced-map-initialized: 0.0.2
  evented-stream-types: 'link:../evented-stream-types'
  monorepo-shared-assets: 0.0.17
  remote-controlled-promise: 0.0.4
  tslib: 1.9.3
lockfileVersion: 5
packages:
  /@types/node/10.12.30:
    dev: false
    resolution:
      integrity: sha512-nsqTN6zUcm9xtdJiM9OvOJ5EF0kOI8f1Zuug27O/rgtxCRJHGqncSWfCMZUP852dCKPsDsYXGvBhxfRjDBkF5Q==
  /@types/node/11.11.1:
    dev: false
    resolution:
      integrity: sha512-2azXFP9n4aA2QNLkKm/F9pzKxgYj1SMawZ5Eh9iC21RH3XNcFsivLVU2NhpMgQm7YobSByvIol4c42ZFusXFHQ==
  /@types/ramda/0.25.51:
    dev: false
    resolution:
      integrity: sha512-xcmtfHIgF9SYjhGdsZR1nQslxG4hu0cIpFfLQ4CWdw3KzHvl7ki1AzFLQUkbDTG42ZN3ZsQfdRzXRlkAvbIy5Q==
  /@types/ramda/0.26.3:
    dev: false
    resolution:
      integrity: sha512-ZTepXW1dgQySkTUbxb2JC61vJxnLqofq4S43rFWpobRRsDh9HgNQxjEWhjQcjoYAMhkyV8JsE9mhE7Pgo3AYbg==
  /advanced-map-base/0.0.2:
    dependencies:
      '@types/node': 10.12.30
      advanced-map-types: 0.0.2
      tslib: 1.9.3
      typescript-miscellaneous: 0.1.1
    deprecated: Depends on wrong version of "convenient-typescript-utilities"
    dev: false
    engines:
      node: '>= 8.9.0'
    resolution:
      integrity: sha512-fj4I4dNaEnVl9bSKsMXtgyVo4+kgV04ScFyLjyIfdNWp1FnRsCzWHtZDGblgq/Nau/2EMegOqW+PDN9qKmGDIA==
  /advanced-map-initialized/0.0.2:
    dependencies:
      '@types/node': 10.12.30
      advanced-map-base: 0.0.2
      advanced-map-types: 0.0.2
      tslib: 1.9.3
    dev: false
    engines:
      node: '>= 8.9.0'
    resolution:
      integrity: sha512-L6/yZylpOElrSpsZTPiMvpCsgnybX8JxYZX88EO2h+yNHYoqwRCojjNOifKSuoIFiWUb5mPFA0tlW7oTM8iOiQ==
  /advanced-map-types/0.0.2:
    dependencies:
      '@types/node': 10.12.30
      tslib: 1.9.3
      typescript-miscellaneous: 0.1.1
    deprecated: Depends on wrong version of "convenient-typescript-utilities"
    dev: false
    engines:
      node: '>= 8.9.0'
    resolution:
      integrity: sha512-L6IJYPR2uFyt6W/R+1j70pG1M0KzkY9TpV0ySkJuhRAhOFxc2DZ3+0621eaivFoF5Yyc2+dQDwwpRUBwwa49iw==
  /immutable/3.8.2:
    dev: false
    engines:
      node: '>=0.10.0'
    resolution:
      integrity: sha1-wkOZUUVbs5kT2vKBN28VMOEErfM=
  /monorepo-shared-assets/0.0.17:
    dependencies:
      '@types/node': 10.12.30
      '@types/ramda': 0.25.51
      immutable: 3.8.2
      ramda: 0.25.0
      tslib: 1.9.3
    dev: false
    engines:
      node: '>= 8.9.0'
    resolution:
      integrity: sha512-A0Y2mZ06vwBR0fyZdZZPn5MJcaIcxfs7BGGv9SU82c6e6k6UwnEQWmVx4LkiVvlnwgKI7+MVIFwMwTZhRGM+eQ==
  /ramda/0.25.0:
    dev: false
    resolution:
      integrity: sha512-GXpfrYVPwx3K7RQ6aYT8KPS8XViSXUVJT1ONhoKPE9VAleW42YE+U+8VEyGWt41EnEQW7gwecYJriTI0pKoecQ==
  /remote-controlled-promise/0.0.4:
    dependencies:
      '@types/node': 10.12.30
      tslib: 1.9.3
    dev: false
    engines:
      node: '>= 8.9.0'
    resolution:
      integrity: sha512-W7bYnBI034KWmaxEerPxuUcrvnC4RX7H42vNH5aXIAObwwEX7gEsbL9wbCZxMUsCJDGDd3CiQFSyjZkw3xsnDw==
  /tslib/1.9.3:
    dev: false
    resolution:
      integrity: sha512-4krF8scpejhaOgqzBEcGM7yDIEfi0/8+8zDRZhNZZ2kjmHJ4hv3zCbQWxoJGz1iw5U0Jl0nma13xzHXcncMavQ==
  /typescript-miscellaneous/0.1.1:
    dependencies:
      '@types/node': 10.12.30
      tslib: 1.9.3
    dev: false
    engines:
      node: '>= 8.9.0'
      typescript: '>= 3.0.0'
    resolution:
      integrity: sha512-dyGMilZPOL/qQMlJSWK+SbQyJpf6YZZPmPrbbdHGkAvGUvlhv4kGKTgddXWLxFWHTirR2I0VfD8mSwia3WLGtA==
specifiers:
  '@types/node': ^11.11.1
  '@types/ramda': ^0.26.3
  advanced-map-initialized: ^0.0.2
  evented-stream-types: ^0.0.0
  monorepo-shared-assets: ^0.0.17
  remote-controlled-promise: ^0.0.4
  tslib: ^1.9.3
