dependencies:
  '@types/node': 12.7.5
  '@types/ramda': 0.26.21
  advanced-map-initialized: 0.0.2
  evented-stream-types: 'link:../evented-stream-types'
  monorepo-shared-assets: 0.0.17
  remote-controlled-promise: 0.0.4
  tslib: 1.10.0
lockfileVersion: 5.1
packages:
  /@types/node/10.14.15:
    dev: false
    resolution:
      integrity: sha512-CBR5avlLcu0YCILJiDIXeU2pTw7UK/NIxfC63m7d7CVamho1qDEzXKkOtEauQRPMy6MI8mLozth+JJkas7HY6g==
  /@types/node/12.7.5:
    dev: false
    resolution:
      integrity: sha512-9fq4jZVhPNW8r+UYKnxF1e2HkDWOWKM5bC2/7c9wPV835I0aOrVbS/Hw/pWPk2uKrNXQqg9Z959Kz+IYDd5p3w==
  /@types/ramda/0.25.51:
    dev: false
    resolution:
      integrity: sha512-xcmtfHIgF9SYjhGdsZR1nQslxG4hu0cIpFfLQ4CWdw3KzHvl7ki1AzFLQUkbDTG42ZN3ZsQfdRzXRlkAvbIy5Q==
  /@types/ramda/0.26.21:
    dependencies:
      ts-toolbelt: 3.8.91
    dev: false
    resolution:
      integrity: sha512-zMYtIZMceA6BvH+or6LmewLBgojbXg5+FGCwjO8K+Z+d/ZWxILmhhASXkehW0PqJL+V0QbyDeeAHix0dvEKXfQ==
  /advanced-map-base/0.0.2:
    dependencies:
      '@types/node': 10.14.15
      advanced-map-types: 0.0.2
      tslib: 1.10.0
      typescript-miscellaneous: 0.1.1
    deprecated: Depends on wrong version of "convenient-typescript-utilities"
    dev: false
    engines:
      node: '>= 8.9.0'
    resolution:
      integrity: sha512-fj4I4dNaEnVl9bSKsMXtgyVo4+kgV04ScFyLjyIfdNWp1FnRsCzWHtZDGblgq/Nau/2EMegOqW+PDN9qKmGDIA==
  /advanced-map-initialized/0.0.2:
    dependencies:
      '@types/node': 10.14.15
      advanced-map-base: 0.0.2
      advanced-map-types: 0.0.2
      tslib: 1.10.0
    dev: false
    engines:
      node: '>= 8.9.0'
    resolution:
      integrity: sha512-L6/yZylpOElrSpsZTPiMvpCsgnybX8JxYZX88EO2h+yNHYoqwRCojjNOifKSuoIFiWUb5mPFA0tlW7oTM8iOiQ==
  /advanced-map-types/0.0.2:
    dependencies:
      '@types/node': 10.14.15
      tslib: 1.10.0
      typescript-miscellaneous: 0.1.1
    deprecated: Depends on wrong version of "convenient-typescript-utilities"
    dev: false
    engines:
      node: '>= 8.9.0'
    resolution:
      integrity: sha512-L6IJYPR2uFyt6W/R+1j70pG1M0KzkY9TpV0ySkJuhRAhOFxc2DZ3+0621eaivFoF5Yyc2+dQDwwpRUBwwa49iw==
  /immutable/3.8.2:
    dev: false
    engines:
      node: '>=0.10.0'
    resolution:
      integrity: sha1-wkOZUUVbs5kT2vKBN28VMOEErfM=
  /monorepo-shared-assets/0.0.17:
    dependencies:
      '@types/node': 10.14.15
      '@types/ramda': 0.25.51
      immutable: 3.8.2
      ramda: 0.25.0
      tslib: 1.10.0
    dev: false
    engines:
      node: '>= 8.9.0'
    resolution:
      integrity: sha512-A0Y2mZ06vwBR0fyZdZZPn5MJcaIcxfs7BGGv9SU82c6e6k6UwnEQWmVx4LkiVvlnwgKI7+MVIFwMwTZhRGM+eQ==
  /ramda/0.25.0:
    dev: false
    resolution:
      integrity: sha512-GXpfrYVPwx3K7RQ6aYT8KPS8XViSXUVJT1ONhoKPE9VAleW42YE+U+8VEyGWt41EnEQW7gwecYJriTI0pKoecQ==
  /remote-controlled-promise/0.0.4:
    dependencies:
      '@types/node': 10.14.15
      tslib: 1.10.0
    dev: false
    engines:
      node: '>= 8.9.0'
    resolution:
      integrity: sha512-W7bYnBI034KWmaxEerPxuUcrvnC4RX7H42vNH5aXIAObwwEX7gEsbL9wbCZxMUsCJDGDd3CiQFSyjZkw3xsnDw==
  /ts-toolbelt/3.8.91:
    dev: false
    peerDependencies:
      typescript: ^3.5.0
    resolution:
      integrity: sha512-HVY9kFtQCtAfuHPf8XK9BWzwUueGtviZ5i/x6hu9uMIy+PWqlwjD1eqRTBaCewOclR5w07j1bgaT7cWNWrJgZw==
  /tslib/1.10.0:
    dev: false
    resolution:
      integrity: sha512-qOebF53frne81cf0S9B41ByenJ3/IuH8yJKngAX35CmiZySA0khhkovshKK+jGCaMnVomla7gVlIcc3EvKPbTQ==
  /typescript-miscellaneous/0.1.1:
    dependencies:
      '@types/node': 10.14.15
      tslib: 1.10.0
    dev: false
    engines:
      node: '>= 8.9.0'
      typescript: '>= 3.0.0'
    resolution:
      integrity: sha512-dyGMilZPOL/qQMlJSWK+SbQyJpf6YZZPmPrbbdHGkAvGUvlhv4kGKTgddXWLxFWHTirR2I0VfD8mSwia3WLGtA==
specifiers:
  '@types/node': ^12.7.5
  '@types/ramda': ^0.26.21
  advanced-map-initialized: ^0.0.2
  evented-stream-types: ^0.1.0
  monorepo-shared-assets: ^0.0.17
  remote-controlled-promise: ^0.0.4
  tslib: ^1.10.0
