dependencies:
  '@types/ramda': 0.26.25
  '@types/shell-quote': 1.6.1
  catls-lib: 'link:../../packages/catls-lib'
  extra-jest: 0.0.25
  ramda: 0.26.1
  shell-quote: 1.7.2
  simple-fake-stream: 'link:../../packages/simple-fake-stream'
  ts-toolbelt: 3.8.91
  utility-types: 3.7.0
lockfileVersion: 5.1
packages:
  /@types/fs-extra/5.1.0:
    dependencies:
      '@types/node': 12.7.2
    dev: false
    resolution:
      integrity: sha512-AInn5+UBFIK9FK5xc9yP5e3TQSPNNgjHByqYcj9g5elVBnDQcQL7PlO1CIRy2gWlbwK7UPYqi7vRvFA44dCmYQ==
  /@types/js-yaml/3.12.1:
    dev: false
    resolution:
      integrity: sha512-SGGAhXLHDx+PK4YLNcNGa6goPf9XRWQNAUUbffkwVGGXIxmDKWyGGL4inzq2sPmExu431Ekb9aEMn9BkPqEYFA==
  /@types/node/10.14.15:
    dev: false
    resolution:
      integrity: sha512-CBR5avlLcu0YCILJiDIXeU2pTw7UK/NIxfC63m7d7CVamho1qDEzXKkOtEauQRPMy6MI8mLozth+JJkas7HY6g==
  /@types/node/11.13.19:
    dev: false
    resolution:
      integrity: sha512-tLRDU1hmcWamtgRT2iVRdraAQVGFQGgtcqracSo9XyMN1VeZLSVGb8RJJxVqab7UGbijoUijGPVFMjmqzyZIUw==
  /@types/node/12.7.2:
    dev: false
    resolution:
      integrity: sha512-dyYO+f6ihZEtNPDcWNR1fkoTDf3zAK3lAABDze3mz6POyIercH0lEUawUFXlG8xaQZmm1yEBON/4TsYv/laDYg==
  /@types/ramda/0.25.51:
    dev: false
    resolution:
      integrity: sha512-xcmtfHIgF9SYjhGdsZR1nQslxG4hu0cIpFfLQ4CWdw3KzHvl7ki1AzFLQUkbDTG42ZN3ZsQfdRzXRlkAvbIy5Q==
  /@types/ramda/0.26.19:
    dependencies:
      ts-toolbelt: 3.7.1
    dev: false
    resolution:
      integrity: sha512-lJuMZDXqZ8W2hl0Gz+wEPUhXcf/tZRuaO5vrxFD3Dv2XMqgTZVw+bvfS6iQAsio9XQV+uhkggtT4eLhDmUpI5g==
  /@types/ramda/0.26.25:
    dependencies:
      ts-toolbelt: 4.5.2
    dev: false
    resolution:
      integrity: sha512-fx54Gx7Xrw+wMU7sEbUa5tjgL5Ec/vWzhKCqJHR0JVJUqwGzUtIYk8nqwyLbmX11wEx2xVdblYlNL9BzznDhvw==
  /@types/shell-quote/1.6.1:
    dev: false
    resolution:
      integrity: sha512-t0bxRLQ75MMF7EeICa1eYC//o1/6gPaUV7ELke4l4OkwpZ9apOzvv2oR5F2PmQJ3tM83Lo+MNKfAXn5gQRMcnA==
  /argparse/1.0.10:
    dependencies:
      sprintf-js: 1.0.3
    dev: false
    resolution:
      integrity: sha512-o5Roy6tNG4SL/FOkCAN6RzjiakZS25RLYFrcMttJqbdd8BWrnA+fGz57iN5Pb06pvBGvl5gQ0B48dJlslXvoTg==
  /esprima/4.0.1:
    dev: false
    engines:
      node: '>=4'
    hasBin: true
    resolution:
      integrity: sha512-eGuFFw7Upda+g4p+QHvnW0RyTX/SVeJBDM/gCtMARO0cLuT2HcEKnTPvhjV6aGeqrCB/sbNop0Kszm0jsaWU4A==
  /extra-jest/0.0.25:
    dependencies:
      '@types/fs-extra': 5.1.0
      '@types/js-yaml': 3.12.1
      '@types/node': 11.13.19
      '@types/ramda': 0.26.19
      fs-extra: 7.0.1
      fs-tree-utils: 0.1.6
      js-yaml: 3.13.1
      ramda: 0.26.1
      tslib: 1.10.0
      unique-temp-path: 0.1.1
    dev: false
    engines:
      node: '>= 8.9.0'
    peerDependencies:
      jest: ^24.5.0
    resolution:
      integrity: sha512-v7Bf3JgU1UU77kKq8fv/0lZ7Csw9ulh7iQfHD6kRV2jAseQBFaE5g4+OtFNEC0Hlrf9OJdso8dqaznTPp147Gg==
  /fs-extra/7.0.1:
    dependencies:
      graceful-fs: 4.2.2
      jsonfile: 4.0.0
      universalify: 0.1.2
    dev: false
    engines:
      node: '>=6 <7 || >=8'
    resolution:
      integrity: sha512-YJDaCJZEnBmcbw13fvdAM9AwNOJwOzrE4pqMqBq5nFiEqXUqHwlK4B+3pUw6JNvfSPtX05xFHtYy/1ni01eGCw==
  /fs-tree-utils/0.1.6:
    dependencies:
      '@types/fs-extra': 5.1.0
      '@types/node': 10.14.15
      '@types/ramda': 0.25.51
      fs-extra: 7.0.1
      monorepo-shared-assets: 0.0.17
      ramda: 0.25.0
      tslib: 1.10.0
    dev: false
    engines:
      node: '>= 8.9.0'
    resolution:
      integrity: sha512-qsOeiFlr2zfQXkLziZh5FLxRPHmUm3Cfwj4cTjVVVij1gtHGkS11/6nxGA1l7ndvb2d+iKiQartR0cewodT5zg==
  /graceful-fs/4.2.2:
    dev: false
    resolution:
      integrity: sha512-IItsdsea19BoLC7ELy13q1iJFNmd7ofZH5+X/pJr90/nRoPEX0DJo1dHDbgtYWOhJhcCgMDTOw84RZ72q6lB+Q==
  /immutable/3.8.2:
    dev: false
    engines:
      node: '>=0.10.0'
    resolution:
      integrity: sha1-wkOZUUVbs5kT2vKBN28VMOEErfM=
  /js-yaml/3.13.1:
    dependencies:
      argparse: 1.0.10
      esprima: 4.0.1
    dev: false
    hasBin: true
    resolution:
      integrity: sha512-YfbcO7jXDdyj0DGxYVSlSeQNHbD7XPWvrVWeVUujrQEoZzWJIRrCPoyk6kL6IAjAG2IolMK4T0hNUe0HOUs5Jw==
  /jsonfile/4.0.0:
    dev: false
    optionalDependencies:
      graceful-fs: 4.2.2
    resolution:
      integrity: sha1-h3Gq4HmbZAdrdmQPygWPnBDjPss=
  /monorepo-shared-assets/0.0.17:
    dependencies:
      '@types/node': 10.14.15
      '@types/ramda': 0.25.51
      immutable: 3.8.2
      ramda: 0.25.0
      tslib: 1.10.0
    dev: false
    engines:
      node: '>= 8.9.0'
    resolution:
      integrity: sha512-A0Y2mZ06vwBR0fyZdZZPn5MJcaIcxfs7BGGv9SU82c6e6k6UwnEQWmVx4LkiVvlnwgKI7+MVIFwMwTZhRGM+eQ==
  /ramda/0.25.0:
    dev: false
    resolution:
      integrity: sha512-GXpfrYVPwx3K7RQ6aYT8KPS8XViSXUVJT1ONhoKPE9VAleW42YE+U+8VEyGWt41EnEQW7gwecYJriTI0pKoecQ==
  /ramda/0.26.1:
    dev: false
    resolution:
      integrity: sha512-hLWjpy7EnsDBb0p+Z3B7rPi3GDeRG5ZtiI33kJhTt+ORCd38AbAIjB/9zRIUoeTbE/AVX5ZkU7m6bznsvrf8eQ==
  /shell-quote/1.7.2:
    dev: false
    resolution:
      integrity: sha512-mRz/m/JVscCrkMyPqHc/bczi3OQHkLTqXHEFu0zDhK/qfv3UcOA4SVmRCLmos4bhjr9ekVQubj/R7waKapmiQg==
  /sprintf-js/1.0.3:
    dev: false
    resolution:
      integrity: sha1-BOaSb2YolTVPPdAVIDYzuFcpfiw=
  /ts-toolbelt/3.7.1:
    dev: false
    peerDependencies:
      typescript: ^3.5.0
    resolution:
      integrity: sha512-rEIk3vYCAEQ1qvCvlYjfgNdAu5BIxRIcDSgJBEDsz5UR1/oKIJz7/I8yE8x1rPqs1o2A4deCuqVvuzdMk5JxiQ==
  /ts-toolbelt/3.8.91:
    dev: false
    peerDependencies:
      typescript: ^3.5.0
    resolution:
      integrity: sha512-HVY9kFtQCtAfuHPf8XK9BWzwUueGtviZ5i/x6hu9uMIy+PWqlwjD1eqRTBaCewOclR5w07j1bgaT7cWNWrJgZw==
  /ts-toolbelt/4.5.2:
    dev: false
    resolution:
      integrity: sha512-g7ZDTK17HhZi5qhFvHLaW/ZzaOlEB+O7GnDaW6ftCEaxhbenVEzPfmeGo2YhMgRjhlYO/dtOmUbv0yykQU5YMw==
  /tslib/1.10.0:
    dev: false
    resolution:
      integrity: sha512-qOebF53frne81cf0S9B41ByenJ3/IuH8yJKngAX35CmiZySA0khhkovshKK+jGCaMnVomla7gVlIcc3EvKPbTQ==
  /unique-temp-path/0.1.1:
    dependencies:
      '@types/node': 10.14.15
      tslib: 1.10.0
    dev: false
    engines:
      node: '>= 8.9.0'
    hasBin: true
    resolution:
      integrity: sha512-hYlBbvWrpY5sitojnCwIuWH8FNx7CzNyGqG+CbxRDOe3ehqrPmMRj3D2jy3/6C35+VbRBUVy6f2o29y3SyJ/ag==
  /universalify/0.1.2:
    dev: false
    engines:
      node: '>= 4.0.0'
    resolution:
      integrity: sha512-rBJeI5CXAlmy1pV+617WB9J63U6XcazHHF2f2dbJix4XzpUF0RS3Zbj0FGIOCAva5P/d/GBOYaACQ1w+0azUkg==
  /utility-types/3.7.0:
    dev: false
    engines:
      node: '>= 4'
    resolution:
      integrity: sha512-mqRJXN7dEArK/NZNJUubjr9kbFFVZcmF/JHDc9jt5O/aYXUVmopHYujDMhLmLil1Bxo2+khe6KAIVvDH9Yc4VA==
specifiers:
  '@types/ramda': ^0.26.25
  '@types/shell-quote': ^1.6.1
  catls-lib: 'file:../../packages/catls-lib'
  extra-jest: ^0.0.25
  ramda: ^0.26.1
  shell-quote: ^1.7.2
  simple-fake-stream: 'file:../../packages/simple-fake-stream'
  ts-toolbelt: ^3.8.91
  utility-types: ^3.7.0
