lockfileVersion: 5.3

specifiers:
  '@types/node': ^14.6.0
  rxjs: ^7.0.0
  tslib: ^2.0.1

dependencies:
  '@types/node': 14.6.0
  rxjs: 7.1.0
  tslib: 2.0.1

packages:

  /@types/node/14.6.0:
    resolution: {integrity: sha512-mikldZQitV94akrc4sCcSjtJfsTKt4p+e/s0AGscVA6XArQ9kFclP+ZiYUMnq987rc6QlYxXv/EivqlfSLxpKA==}
    dev: false

  /rxjs/7.1.0:
    resolution: {integrity: sha512-gCFO5iHIbRPwznl6hAYuwNFld8W4S2shtSJIqG27ReWXo9IWrCyEICxUA+6vJHwSR/OakoenC4QsDxq50tzYmw==}
    dependencies:
      tslib: 2.1.0
    dev: false

  /tslib/2.0.1:
    resolution: {integrity: sha512-SgIkNheinmEBgx1IUNirK0TUD4X9yjjBRTqqjggWCU3pUEqIk3/Uwl3yRixYKT6WjQuGiwDv4NomL3wqRCj+CQ==}
    dev: false

  /tslib/2.1.0:
    resolution: {integrity: sha512-hcVC3wYEziELGGmEEXue7D75zbwIIVUMWAVbHItGPx0ziyXxrOMQx4rQEVEV45Ut/1IotuEvwqPopzIOkDMf0A==}
    dev: false
