lockfileVersion: 5.3

specifiers:
  '@types/node': ^16.0.0
  combine-evented-stream: ^0.1.8
  evented-stream-types: ^0.1.8
  iterate-evented-stream: ^0.1.9
  tslib: ^2.0.1

dependencies:
  '@types/node': 16.11.11
  combine-evented-stream: link:../combine-evented-stream
  evented-stream-types: link:../evented-stream-types
  iterate-evented-stream: link:../iterate-evented-stream
  tslib: 2.0.1

packages:

  /@types/node/16.11.11:
    resolution: {integrity: sha512-KB0sixD67CeecHC33MYn+eYARkqTheIRNuu97y2XMjR7Wu3XibO1vaY6VBV6O/a89SPI81cEUIYT87UqUWlZNw==}
    dev: false

  /tslib/2.0.1:
    resolution: {integrity: sha512-SgIkNheinmEBgx1IUNirK0TUD4X9yjjBRTqqjggWCU3pUEqIk3/Uwl3yRixYKT6WjQuGiwDv4NomL3wqRCj+CQ==}
    dev: false
