dependencies:
  '@types/node': 12.12.24
  tslib: 1.10.0
lockfileVersion: 5.1
packages:
  /@types/node/12.12.24:
    dev: false
    resolution:
      integrity: sha512-1Ciqv9pqwVtW6FsIUKSZNB82E5Cu1I2bBTj1xuIHXLe/1zYLl3956Nbhg2MzSYHVfl9/rmanjbQIb7LibfCnug==
  /tslib/1.10.0:
    dev: false
    resolution:
      integrity: sha512-qOebF53frne81cf0S9B41ByenJ3/IuH8yJKngAX35CmiZySA0khhkovshKK+jGCaMnVomla7gVlIcc3EvKPbTQ==
specifiers:
  '@types/node': ^12.7.11
  tslib: ^1.10.0
