dependencies:
  '@tsfun/array': 0.0.5
  simple-fake-path: 'link:../../packages/simple-fake-path'
  static-type-assert: 3.0.1
lockfileVersion: 5.1
packages:
  /@tsfun/array/0.0.5:
    dependencies:
      '@types/node': 13.11.0
      tslib: 1.11.1
    dev: false
    resolution:
      integrity: sha512-f6IaTr16nR3oPKo2bvGd1HV2OyB7ONGZgN9uHiIsr7R0B/iaoYqMmI3CowvMo78GAUIXwM7Akx4Z/finDh/aUA==
  /@types/node/13.11.0:
    dev: false
    resolution:
      integrity: sha512-uM4mnmsIIPK/yeO+42F2RQhGUIs39K2RFmugcJANppXe6J1nvH87PvzPZYpza7Xhhs8Yn9yIAVdLZ84z61+0xQ==
  /static-type-assert/3.0.1:
    dependencies:
      typescript-compare: 0.0.2
    dev: false
    peerDependencies:
      typescript: ^3.0.3
    resolution:
      integrity: sha512-zMKAbDEqRbysJdAmO6fcylkbTa1GQ285xZZvTxbjxNficxF+zVdkwsozJqbVntKds0oZ40kLFkPYTi2JO3zOBA==
  /tslib/1.11.1:
    dev: false
    resolution:
      integrity: sha512-aZW88SY8kQbU7gpV19lN24LtXh/yD4ZZg6qieAJDDg+YBsJcSmLGK9QpnUjAKVG/xefmvJGd1WUmfpT/g6AJGA==
  /typescript-compare/0.0.2:
    dependencies:
      typescript-logic: 0.0.0
    dev: false
    resolution:
      integrity: sha512-8ja4j7pMHkfLJQO2/8tut7ub+J3Lw2S3061eJLFQcvs3tsmJKp8KG5NtpLn7KcY2w08edF74BSVN7qJS0U6oHA==
  /typescript-logic/0.0.0:
    dev: false
    resolution:
      integrity: sha512-zXFars5LUkI3zP492ls0VskH3TtdeHCqu0i7/duGt60i5IGPIpAHE/DWo5FqJ6EjQ15YKXrt+AETjv60Dat34Q==
specifiers:
  '@tsfun/array': ^0.0.5
  simple-fake-path: 'file:../../packages/simple-fake-path'
  static-type-assert: ^3.0.1
