dependencies:
  '@tsfun/array': 0.0.5
  simple-fake-path: 'link:../../packages/simple-fake-path'
  static-type-assert: 4.0.0
lockfileVersion: 5.1
packages:
  /@tsfun/array/0.0.5:
    dependencies:
      '@types/node': 13.13.9
      tslib: 1.13.0
    dev: false
    resolution:
      integrity: sha512-f6IaTr16nR3oPKo2bvGd1HV2OyB7ONGZgN9uHiIsr7R0B/iaoYqMmI3CowvMo78GAUIXwM7Akx4Z/finDh/aUA==
  /@types/node/13.13.9:
    dev: false
    resolution:
      integrity: sha512-EPZBIGed5gNnfWCiwEIwTE2Jdg4813odnG8iNPMQGrqVxrI+wL68SPtPeCX+ZxGBaA6pKAVc6jaKgP/Q0QzfdQ==
  /static-type-assert/4.0.0:
    dependencies:
      typescript-compare: 0.0.2
    dev: false
    peerDependencies:
      typescript: ^3.0.3
    resolution:
      integrity: sha512-Ss1RVV8Hp+DVaAQsGgssl2+xuLqyJQOJzrz/6GJG8wfObU7t8tFbQddquX+U//pwU1tSLghUgTQ4JQPaOxfsww==
  /tslib/1.13.0:
    dev: false
    resolution:
      integrity: sha512-i/6DQjL8Xf3be4K/E6Wgpekn5Qasl1usyw++dAA35Ue5orEn65VIxOA+YvNNl9HV3qv70T7CNwjODHZrLwvd1Q==
  /typescript-compare/0.0.2:
    dependencies:
      typescript-logic: 0.0.0
    dev: false
    resolution:
      integrity: sha512-8ja4j7pMHkfLJQO2/8tut7ub+J3Lw2S3061eJLFQcvs3tsmJKp8KG5NtpLn7KcY2w08edF74BSVN7qJS0U6oHA==
  /typescript-logic/0.0.0:
    dev: false
    resolution:
      integrity: sha512-zXFars5LUkI3zP492ls0VskH3TtdeHCqu0i7/duGt60i5IGPIpAHE/DWo5FqJ6EjQ15YKXrt+AETjv60Dat34Q==
specifiers:
  '@tsfun/array': ^0.0.5
  simple-fake-path: 'file:../../packages/simple-fake-path'
  static-type-assert: ^4.0.0
