dependencies:
  '@tools/preloaded-node': 'link:../../tools/preloaded-node'
  '@types/fs-extra': 8.1.0
  catls: 'link:../../packages/catls'
  chalk: 4.0.0
  fs-extra: 9.0.0
  fs-tree-utils: 0.1.8
  split-shell-buffer: 'link:../../packages/split-shell-buffer'
  ts-await-event: 'link:../../packages/ts-await-event'
  unique-temp-path: 0.1.3
lockfileVersion: 5.1
packages:
  /@tsfun/array/0.0.0:
    dependencies:
      '@types/node': 13.1.7
      tslib: 1.10.0
    dev: false
    resolution:
      integrity: sha512-y18KD65Ba1a7jXJ8PBIGjfkCtR32wd0XOPaV5D8z9uBiNE+pIF0PCnHKVHZ4+GcaRa/Y7HkTWJxmcjs283ggmw==
  /@types/color-name/1.1.1:
    dev: false
    resolution:
      integrity: sha512-rr+OQyAjxze7GgWrSaJwydHStIhHq2lvY3BOC2Mj7KnzI7XK0Uw1TOOdI9lDoajEbSWLiYgoo4f1R51erQfhPQ==
  /@types/fs-extra/8.0.1:
    dependencies:
      '@types/node': 13.1.7
    dev: false
    resolution:
      integrity: sha512-J00cVDALmi/hJOYsunyT52Hva5TnJeKP5yd1r+mH/ZU0mbYZflR0Z5kw5kITtKTRYMhm1JMClOFYdHnQszEvqw==
  /@types/fs-extra/8.1.0:
    dependencies:
      '@types/node': 13.1.7
    dev: false
    resolution:
      integrity: sha512-UoOfVEzAUpeSPmjm7h1uk5MH6KZma2z2O7a75onTGjnNvAvMVrPzPL/vBbT65iIGHWj6rokwfmYcmxmlSf2uwg==
  /@types/node/13.1.7:
    dev: false
    resolution:
      integrity: sha512-HU0q9GXazqiKwviVxg9SI/+t/nAsGkvLDkIdxz+ObejG2nX6Si00TeLqHMoS+a/1tjH7a8YpKVQwtgHuMQsldg==
  /ansi-styles/4.2.1:
    dependencies:
      '@types/color-name': 1.1.1
      color-convert: 2.0.1
    dev: false
    engines:
      node: '>=8'
    resolution:
      integrity: sha512-9VGjrMsG1vePxcSweQsN20KY/c4zN0h9fLjqAbwbPfahM3t+NL+M9HC8xeXG2I8pX5NoamTGNuomEUFI7fcUjA==
  /at-least-node/1.0.0:
    dev: false
    engines:
      node: '>= 4.0.0'
    resolution:
      integrity: sha512-+q/t7Ekv1EDY2l6Gda6LLiX14rU9TV20Wa3ofeQmwPFZbOMo9DXrLbOjFaaclkXKWidIaopwAObQDqwWtGUjqg==
  /chalk/4.0.0:
    dependencies:
      ansi-styles: 4.2.1
      supports-color: 7.1.0
    dev: false
    engines:
      node: '>=10'
    resolution:
      integrity: sha512-N9oWFcegS0sFr9oh1oz2d7Npos6vNoWW9HvtCg5N1KRFpUhaAhvTv5Y58g880fZaEYSNm3qDz8SU1UrGvp+n7A==
  /color-convert/2.0.1:
    dependencies:
      color-name: 1.1.4
    dev: false
    engines:
      node: '>=7.0.0'
    resolution:
      integrity: sha512-RRECPsj7iu/xb5oKYcsFHSppFNnsj/52OVTRKb4zP5onXwVF3zVmmToNcOfGC+CRDpfK/U584fMg38ZHCaElKQ==
  /color-name/1.1.4:
    dev: false
    resolution:
      integrity: sha512-dOy+3AuW3a2wNbZHIuMZpTcgjGuLU/uBL/ubcZF9OXbDo8ff4O8yVp5Bf0efS8uEoYo5q4Fx7dY9OgQGXgAsQA==
  /fs-extra/8.1.0:
    dependencies:
      graceful-fs: 4.2.3
      jsonfile: 4.0.0
      universalify: 0.1.2
    dev: false
    engines:
      node: '>=6 <7 || >=8'
    resolution:
      integrity: sha512-yhlQgA6mnOJUKOsRUFsgJdQCvkKhcz8tlZG5HBQfReYZy46OwLcY+Zia0mtdHsOo9y/hP+CxMN0TU9QxoOtG4g==
  /fs-extra/9.0.0:
    dependencies:
      at-least-node: 1.0.0
      graceful-fs: 4.2.3
      jsonfile: 6.0.1
      universalify: 1.0.0
    dev: false
    engines:
      node: '>=10'
    resolution:
      integrity: sha512-pmEYSk3vYsG/bF651KPUXZ+hvjpgWYw/Gc7W9NFUe3ZVLczKKWIij3IKpOrQcdw4TILtibFslZ0UmR8Vvzig4g==
  /fs-tree-utils/0.1.8:
    dependencies:
      '@tsfun/array': 0.0.0
      '@types/fs-extra': 8.0.1
      '@types/node': 13.1.7
      fs-extra: 8.1.0
      monorepo-shared-assets: 0.0.19
      tslib: 1.10.0
    dev: false
    engines:
      node: '>= 8.9.0'
    resolution:
      integrity: sha512-iovSWg4Ch1w7TTlgD0llxrOhPo3xnVks54HnUSXHOCL7Tm1JakcoxKAb5gJVSp5q/1ag7lKcQkf+DAWdBb0tUg==
  /graceful-fs/4.2.3:
    dev: false
    resolution:
      integrity: sha512-a30VEBm4PEdx1dRB7MFK7BejejvCvBronbLjht+sHuGYj8PHs7M/5Z+rt5lw551vZ7yfTCj4Vuyy3mSJytDWRQ==
  /has-flag/4.0.0:
    dev: false
    engines:
      node: '>=8'
    resolution:
      integrity: sha512-EykJT/Q1KjTWctppgIAgfSO0tKVuZUjhgMr17kqTumMl6Afv3EISleU7qZUzoXDFTAHTDC4NOoG/ZxU3EvlMPQ==
  /immutable/4.0.0-rc.12:
    dev: false
    resolution:
      integrity: sha512-0M2XxkZLx/mi3t8NVwIm1g8nHoEmM9p9UBl/G9k4+hm0kBgOVdMV/B3CY5dQ8qG8qc80NN4gDV4HQv6FTJ5q7A==
  /jsonfile/4.0.0:
    dev: false
    optionalDependencies:
      graceful-fs: 4.2.3
    resolution:
      integrity: sha1-h3Gq4HmbZAdrdmQPygWPnBDjPss=
  /jsonfile/6.0.1:
    dependencies:
      universalify: 1.0.0
    dev: false
    optionalDependencies:
      graceful-fs: 4.2.3
    resolution:
      integrity: sha512-jR2b5v7d2vIOust+w3wtFKZIfpC2pnRmFAhAC/BuweZFQR8qZzxH1OyrQ10HmdVYiXWkYUqPVsz91cG7EL2FBg==
  /monorepo-shared-assets/0.0.19:
    dependencies:
      '@tsfun/array': 0.0.0
      '@types/node': 13.1.7
      immutable: 4.0.0-rc.12
      tslib: 1.10.0
    dev: false
    engines:
      node: '>= 8.9.0'
    resolution:
      integrity: sha512-xUb+p+UnAiR5Zg34IYv8bO0FlFu84xkBJcZXHLLK5DNQS29NQwiNT/qcwS95BWgAcOGgD8M8Sqs2qoXvR9s5QQ==
  /supports-color/7.1.0:
    dependencies:
      has-flag: 4.0.0
    dev: false
    engines:
      node: '>=8'
    resolution:
      integrity: sha512-oRSIpR8pxT1Wr2FquTNnGet79b3BWljqOuoW/h4oBhxJ/HUbX5nX6JSruTkvXDCFMwDPvsaTTbvMLKZWSy0R5g==
  /tslib/1.10.0:
    dev: false
    resolution:
      integrity: sha512-qOebF53frne81cf0S9B41ByenJ3/IuH8yJKngAX35CmiZySA0khhkovshKK+jGCaMnVomla7gVlIcc3EvKPbTQ==
  /unique-temp-path/0.1.3:
    dependencies:
      '@types/node': 13.1.7
      tslib: 1.10.0
    dev: false
    engines:
      node: '>= 8.9.0'
    hasBin: true
    resolution:
      integrity: sha512-yIXE0saUvfbEL2m6ezIwZ4D9TGkljaYPO2FFVWGjbbOQK2cv4jz7h1ItYstZQMLYJnLVFH7BFyyNCjoEp4W4Rg==
  /universalify/0.1.2:
    dev: false
    engines:
      node: '>= 4.0.0'
    resolution:
      integrity: sha512-rBJeI5CXAlmy1pV+617WB9J63U6XcazHHF2f2dbJix4XzpUF0RS3Zbj0FGIOCAva5P/d/GBOYaACQ1w+0azUkg==
  /universalify/1.0.0:
    dev: false
    engines:
      node: '>= 10.0.0'
    resolution:
      integrity: sha512-rb6X1W158d7pRQBg5gkR8uPaSfiids68LTJQYOtEUhoJUWBdaQHsuT/EUduxXYxcrt4r5PJ4fuHW1MHT6p0qug==
specifiers:
  '@tools/preloaded-node': 'file:../../tools/preloaded-node'
  '@types/fs-extra': ^8.1.0
  catls: 'file:../../packages/catls'
  chalk: ^4.0.0
  fs-extra: ^9.0.0
  fs-tree-utils: ^0.1.8
  split-shell-buffer: 'file:../../packages/split-shell-buffer'
  ts-await-event: 'file:../../packages/ts-await-event'
  unique-temp-path: ^0.1.3
