dependencies:
  '@types/node': 12.7.8
  '@types/which': 1.3.1
  tslib: 1.10.0
  which: 1.3.1
lockfileVersion: 5.1
packages:
  /@types/node/12.7.8:
    dev: false
    resolution:
      integrity: sha512-FMdVn84tJJdV+xe+53sYiZS4R5yn1mAIxfj+DVoNiQjTYz1+OYmjwEZr1ev9nU0axXwda0QDbYl06QHanRVH3A==
  /@types/which/1.3.1:
    dev: false
    resolution:
      integrity: sha512-ZrJDWpvg75LTGX4XwuneY9s6bF3OeZcGTpoGh3zDV9ytzcHMFsRrMIaLBRJZQMBoGyKs6unBQfVdrLZiYfb1zQ==
  /isexe/2.0.0:
    dev: false
    resolution:
      integrity: sha1-6PvzdNxVb/iUehDcsFctYz8s+hA=
  /tslib/1.10.0:
    dev: false
    resolution:
      integrity: sha512-qOebF53frne81cf0S9B41ByenJ3/IuH8yJKngAX35CmiZySA0khhkovshKK+jGCaMnVomla7gVlIcc3EvKPbTQ==
  /which/1.3.1:
    dependencies:
      isexe: 2.0.0
    dev: false
    hasBin: true
    resolution:
      integrity: sha512-HxJdYWq1MTIQbJ3nw0cqssHoTNU267KlrDuGZ1WYlxDStUtKUhOaJmh112/TZmHxxUfuJqPXSOm7tDyas0OSIQ==
specifiers:
  '@types/node': ^12.7.8
  '@types/which': ^1.3.1
  tslib: ^1.10.0
  which: ^1.3.1
