dependencies:
  '@types/node': 12.7.11
  '@types/which': 1.3.1
  tslib: 1.10.0
  which: 2.0.0
lockfileVersion: 5.1
packages:
  /@types/node/12.7.11:
    dev: false
    resolution:
      integrity: sha512-Otxmr2rrZLKRYIybtdG/sgeO+tHY20GxeDjcGmUnmmlCWyEnv2a2x1ZXBo3BTec4OiTXMQCiazB8NMBf0iRlFw==
  /@types/which/1.3.1:
    dev: false
    resolution:
      integrity: sha512-ZrJDWpvg75LTGX4XwuneY9s6bF3OeZcGTpoGh3zDV9ytzcHMFsRrMIaLBRJZQMBoGyKs6unBQfVdrLZiYfb1zQ==
  /isexe/2.0.0:
    dev: false
    resolution:
      integrity: sha1-6PvzdNxVb/iUehDcsFctYz8s+hA=
  /tslib/1.10.0:
    dev: false
    resolution:
      integrity: sha512-qOebF53frne81cf0S9B41ByenJ3/IuH8yJKngAX35CmiZySA0khhkovshKK+jGCaMnVomla7gVlIcc3EvKPbTQ==
  /which/2.0.0:
    dependencies:
      isexe: 2.0.0
    dev: false
    engines:
      node: '>= 8'
    hasBin: true
    resolution:
      integrity: sha512-+/LPKsk2hvjYlLvcMr8jVybf6s19hBEAh0YqFbfO6Wndsb8jTuk1nzqXTRNn/mP3vlNApPHzvljEu2DyOL8tDA==
specifiers:
  '@types/node': ^12.7.8
  '@types/which': ^1.3.1
  tslib: ^1.10.0
  which: ^2.0.0
