lockfileVersion: 5.3

specifiers:
  '@types/node': ^14.6.0
  '@types/which': ^1.3.2
  tslib: ^2.0.1
  which: ^2.0.2

dependencies:
  '@types/node': 14.6.0
  '@types/which': 1.3.2
  tslib: 2.0.1
  which: 2.0.2

packages:

  /@types/node/14.6.0:
    resolution: {integrity: sha512-mikldZQitV94akrc4sCcSjtJfsTKt4p+e/s0AGscVA6XArQ9kFclP+ZiYUMnq987rc6QlYxXv/EivqlfSLxpKA==}
    dev: false

  /@types/which/1.3.2:
    resolution: {integrity: sha512-8oDqyLC7eD4HM307boe2QWKyuzdzWBj56xI/imSl2cpL+U3tCMaTAkMJ4ee5JBZ/FsOJlvRGeIShiZDAl1qERA==}
    dev: false

  /isexe/2.0.0:
    resolution: {integrity: sha1-6PvzdNxVb/iUehDcsFctYz8s+hA=}
    dev: false

  /tslib/2.0.1:
    resolution: {integrity: sha512-SgIkNheinmEBgx1IUNirK0TUD4X9yjjBRTqqjggWCU3pUEqIk3/Uwl3yRixYKT6WjQuGiwDv4NomL3wqRCj+CQ==}
    dev: false

  /which/2.0.2:
    resolution: {integrity: sha512-BLI3Tl1TW3Pvl70l3yq3Y64i+awpwXqsGBYWkkqMtnbXgrMD+yj7rhW0kuEDxzJaYXGjEW5ogapKNMEKNMjibA==}
    engines: {node: '>= 8'}
    hasBin: true
    dependencies:
      isexe: 2.0.0
    dev: false
