lockfileVersion: 5.3

specifiers:
  '@types/js-yaml': ^3.12.5
  '@types/node': ^14.6.0
  js-yaml: ^3.14.0
  mkcmdargv-lib: ^0.1.5
  tslib: ^2.0.1

dependencies:
  '@types/js-yaml': 3.12.5
  '@types/node': 14.6.0
  js-yaml: 3.14.0
  mkcmdargv-lib: link:../mkcmdargv-lib
  tslib: 2.0.1

packages:

  /@types/js-yaml/3.12.5:
    resolution: {integrity: sha512-JCcp6J0GV66Y4ZMDAQCXot4xprYB+Zfd3meK9+INSJeVZwJmHAW30BBEEkPzXswMXuiyReUGOP3GxrADc9wPww==}
    dev: false

  /@types/node/14.6.0:
    resolution: {integrity: sha512-mikldZQitV94akrc4sCcSjtJfsTKt4p+e/s0AGscVA6XArQ9kFclP+ZiYUMnq987rc6QlYxXv/EivqlfSLxpKA==}
    dev: false

  /argparse/1.0.10:
    resolution: {integrity: sha512-o5Roy6tNG4SL/FOkCAN6RzjiakZS25RLYFrcMttJqbdd8BWrnA+fGz57iN5Pb06pvBGvl5gQ0B48dJlslXvoTg==}
    dependencies:
      sprintf-js: 1.0.3
    dev: false

  /esprima/4.0.1:
    resolution: {integrity: sha512-eGuFFw7Upda+g4p+QHvnW0RyTX/SVeJBDM/gCtMARO0cLuT2HcEKnTPvhjV6aGeqrCB/sbNop0Kszm0jsaWU4A==}
    engines: {node: '>=4'}
    hasBin: true
    dev: false

  /js-yaml/3.14.0:
    resolution: {integrity: sha512-/4IbIeHcD9VMHFqDR/gQ7EdZdLimOvW2DdcxFjdyyZ9NsbS+ccrXqVWDtab/lRl5AlUqmpBx8EhPaWR+OtY17A==}
    hasBin: true
    dependencies:
      argparse: 1.0.10
      esprima: 4.0.1
    dev: false

  /sprintf-js/1.0.3:
    resolution: {integrity: sha1-BOaSb2YolTVPPdAVIDYzuFcpfiw=}
    dev: false

  /tslib/2.0.1:
    resolution: {integrity: sha512-SgIkNheinmEBgx1IUNirK0TUD4X9yjjBRTqqjggWCU3pUEqIk3/Uwl3yRixYKT6WjQuGiwDv4NomL3wqRCj+CQ==}
    dev: false
