dependencies:
  '@tsfun/function': 0.0.10
  '@types/node': 13.11.1
  string-template-format-base: 'link:../string-template-format-base'
  tslib: 2.0.0
lockfileVersion: 5.1
packages:
  /@tsfun/function/0.0.10:
    dependencies:
      '@types/node': 13.11.1
      ts-pipe-compose: 0.2.0
      tslib: 1.11.1
    dev: false
    resolution:
      integrity: sha512-Q1jrBMAw5J9CUnyq/n3G7sj9RWcpm3xLZ6y0AudHTQAHYy4j5Spy1CAcN5ZXI0v2cdcp3VbiIKrpN1D0uWOXUg==
  /@types/node/12.12.24:
    dev: false
    resolution:
      integrity: sha512-1Ciqv9pqwVtW6FsIUKSZNB82E5Cu1I2bBTj1xuIHXLe/1zYLl3956Nbhg2MzSYHVfl9/rmanjbQIb7LibfCnug==
  /@types/node/13.11.1:
    dev: false
    resolution:
      integrity: sha512-eWQGP3qtxwL8FGneRrC5DwrJLGN4/dH1clNTuLfN81HCrxVtxRjygDTUoZJ5ASlDEeo0ppYFQjQIlXhtXpOn6g==
  /ts-pipe-compose/0.2.0:
    dependencies:
      '@types/node': 12.12.24
      tslib: 1.11.1
    dev: false
    engines:
      node: '>= 8.9.0'
    resolution:
      integrity: sha512-FMFVRL3Ct4+S1OHUBapg3HKOU1OY8EfF+LpWKyKz0S9P/Yrdl9krvNxuW/4RlMw42TsgkH6jF3o6Vtk5l8izLg==
  /tslib/1.11.1:
    dev: false
    resolution:
      integrity: sha512-aZW88SY8kQbU7gpV19lN24LtXh/yD4ZZg6qieAJDDg+YBsJcSmLGK9QpnUjAKVG/xefmvJGd1WUmfpT/g6AJGA==
  /tslib/2.0.0:
    dev: false
    resolution:
      integrity: sha512-lTqkx847PI7xEDYJntxZH89L2/aXInsyF2luSafe/+0fHOMjlBNXdH6th7f70qxLDhul7KZK0zC8V5ZIyHl0/g==
specifiers:
  '@tsfun/function': ^0.0.10
  '@types/node': ^13.11.1
  string-template-format-base: ^0.1.6
  tslib: ^2.0.0
