dependencies:
  '@tsfun/function': 0.0.9
  '@types/node': 13.7.0
  string-template-format-base: 'link:../string-template-format-base'
  tslib: 1.10.0
lockfileVersion: 5.1
packages:
  /@tsfun/function/0.0.9:
    dependencies:
      '@types/node': 13.9.1
      ts-pipe-compose: 0.1.11
      tslib: 1.11.1
    dev: false
    resolution:
      integrity: sha512-ouBsTmABiTjPyznYNFM43zHJKhN045LU1Q+KyUtN2+htFteaPJpNWe3AUtkY6yOGN6X1U4G7zaUuteAEG0gipA==
  /@types/node/12.12.30:
    dev: false
    resolution:
      integrity: sha512-sz9MF/zk6qVr3pAnM0BSQvYIBK44tS75QC5N+VbWSE4DjCV/pJ+UzCW/F+vVnl7TkOPcuwQureKNtSSwjBTaMg==
  /@types/node/13.7.0:
    dev: false
    resolution:
      integrity: sha512-GnZbirvmqZUzMgkFn70c74OQpTTUcCzlhQliTzYjQMqg+hVKcDnxdL19Ne3UdYzdMA/+W3eb646FWn/ZaT1NfQ==
  /@types/node/13.9.1:
    dev: false
    resolution:
      integrity: sha512-E6M6N0blf/jiZx8Q3nb0vNaswQeEyn0XlupO+xN6DtJ6r6IT4nXrTry7zhIfYvFCl3/8Cu6WIysmUBKiqV0bqQ==
  /ts-pipe-compose/0.1.11:
    dependencies:
      '@types/node': 12.12.30
      tslib: 1.11.1
    dev: false
    engines:
      node: '>= 8.9.0'
    resolution:
      integrity: sha512-8cP8BumReKwqeYdzV/rMSqYqL2ZN/5yL1CBiMKYp0qri489g3VJ11vOPRTiUoTfqrSQIUWhHVIeZiPrYCD/6Ug==
  /tslib/1.10.0:
    dev: false
    resolution:
      integrity: sha512-qOebF53frne81cf0S9B41ByenJ3/IuH8yJKngAX35CmiZySA0khhkovshKK+jGCaMnVomla7gVlIcc3EvKPbTQ==
  /tslib/1.11.1:
    dev: false
    resolution:
      integrity: sha512-aZW88SY8kQbU7gpV19lN24LtXh/yD4ZZg6qieAJDDg+YBsJcSmLGK9QpnUjAKVG/xefmvJGd1WUmfpT/g6AJGA==
specifiers:
  '@tsfun/function': ^0.0.9
  '@types/node': ^13.7.0
  string-template-format-base: ^0.1.5
  tslib: ^1.10.0
