dependencies:
  '@types/node': 14.0.6
  string-template-format-base: 'link:../string-template-format-base'
  string-template-format-compose: 'link:../string-template-format-compose'
  string-template-format-inspect: 'link:../string-template-format-inspect'
  string-template-format-json: 'link:../string-template-format-json'
  string-template-format-tostring: 'link:../string-template-format-tostring'
  string-template-format-uri: 'link:../string-template-format-uri'
  tslib: 2.0.0
lockfileVersion: 5.1
packages:
  /@types/node/14.0.6:
    dev: false
    resolution:
      integrity: sha512-FbNmu4F67d3oZMWBV6Y4MaPER+0EpE9eIYf2yaHhCWovc1dlXCZkqGX4NLHfVVr6umt20TNBdRzrNJIzIKfdbw==
  /tslib/2.0.0:
    dev: false
    resolution:
      integrity: sha512-lTqkx847PI7xEDYJntxZH89L2/aXInsyF2luSafe/+0fHOMjlBNXdH6th7f70qxLDhul7KZK0zC8V5ZIyHl0/g==
specifiers:
  '@types/node': ^14.0.6
  string-template-format-base: ^0.1.6
  string-template-format-compose: ^0.1.6
  string-template-format-inspect: ^0.1.7
  string-template-format-json: ^0.1.6
  string-template-format-tostring: ^0.1.6
  string-template-format-uri: ^0.1.6
  tslib: ^2.0.0
