dependencies:
  '@tsfun/array': 0.0.5
  '@types/fs-extra': 8.1.0
  '@types/node': 13.11.1
  fs-extra: 9.0.0
  split-iterable: 'link:../split-iterable'
  tslib: 1.11.1
lockfileVersion: 5.1
packages:
  /@tsfun/array/0.0.5:
    dependencies:
      '@types/node': 13.11.0
      tslib: 1.11.1
    dev: false
    resolution:
      integrity: sha512-f6IaTr16nR3oPKo2bvGd1HV2OyB7ONGZgN9uHiIsr7R0B/iaoYqMmI3CowvMo78GAUIXwM7Akx4Z/finDh/aUA==
  /@types/fs-extra/8.1.0:
    dependencies:
      '@types/node': 13.11.0
    dev: false
    resolution:
      integrity: sha512-UoOfVEzAUpeSPmjm7h1uk5MH6KZma2z2O7a75onTGjnNvAvMVrPzPL/vBbT65iIGHWj6rokwfmYcmxmlSf2uwg==
  /@types/node/13.11.0:
    dev: false
    resolution:
      integrity: sha512-uM4mnmsIIPK/yeO+42F2RQhGUIs39K2RFmugcJANppXe6J1nvH87PvzPZYpza7Xhhs8Yn9yIAVdLZ84z61+0xQ==
  /@types/node/13.11.1:
    dev: false
    resolution:
      integrity: sha512-eWQGP3qtxwL8FGneRrC5DwrJLGN4/dH1clNTuLfN81HCrxVtxRjygDTUoZJ5ASlDEeo0ppYFQjQIlXhtXpOn6g==
  /at-least-node/1.0.0:
    dev: false
    engines:
      node: '>= 4.0.0'
    resolution:
      integrity: sha512-+q/t7Ekv1EDY2l6Gda6LLiX14rU9TV20Wa3ofeQmwPFZbOMo9DXrLbOjFaaclkXKWidIaopwAObQDqwWtGUjqg==
  /fs-extra/9.0.0:
    dependencies:
      at-least-node: 1.0.0
      graceful-fs: 4.2.3
      jsonfile: 6.0.1
      universalify: 1.0.0
    dev: false
    engines:
      node: '>=10'
    resolution:
      integrity: sha512-pmEYSk3vYsG/bF651KPUXZ+hvjpgWYw/Gc7W9NFUe3ZVLczKKWIij3IKpOrQcdw4TILtibFslZ0UmR8Vvzig4g==
  /graceful-fs/4.2.3:
    dev: false
    resolution:
      integrity: sha512-a30VEBm4PEdx1dRB7MFK7BejejvCvBronbLjht+sHuGYj8PHs7M/5Z+rt5lw551vZ7yfTCj4Vuyy3mSJytDWRQ==
  /jsonfile/6.0.1:
    dependencies:
      universalify: 1.0.0
    dev: false
    optionalDependencies:
      graceful-fs: 4.2.3
    resolution:
      integrity: sha512-jR2b5v7d2vIOust+w3wtFKZIfpC2pnRmFAhAC/BuweZFQR8qZzxH1OyrQ10HmdVYiXWkYUqPVsz91cG7EL2FBg==
  /tslib/1.11.1:
    dev: false
    resolution:
      integrity: sha512-aZW88SY8kQbU7gpV19lN24LtXh/yD4ZZg6qieAJDDg+YBsJcSmLGK9QpnUjAKVG/xefmvJGd1WUmfpT/g6AJGA==
  /universalify/1.0.0:
    dev: false
    engines:
      node: '>= 10.0.0'
    resolution:
      integrity: sha512-rb6X1W158d7pRQBg5gkR8uPaSfiids68LTJQYOtEUhoJUWBdaQHsuT/EUduxXYxcrt4r5PJ4fuHW1MHT6p0qug==
specifiers:
  '@tsfun/array': ^0.0.5
  '@types/fs-extra': ^8.1.0
  '@types/node': ^13.11.1
  fs-extra: ^9.0.0
  split-iterable: ^0.1.7
  tslib: ^1.11.1
