dependencies:
  '@tsfun/array': 0.0.6
  '@types/fs-extra': 9.0.1
  '@types/node': 14.0.27
  fs-extra: 9.0.1
  split-iterable: 'link:../split-iterable'
  tslib: 2.0.0
lockfileVersion: 5.1
packages:
  /@tsfun/array/0.0.6:
    dependencies:
      '@types/node': 14.6.0
      tslib: 2.0.1
    dev: false
    resolution:
      integrity: sha512-8pKde1W0rPysp2JSjnuFyF+FDU6p3H+MuvQ2Z2QyA/Kdiq7VUUOmZfAGLV1YZ5R58M54H8jOTelslAPYUdTPBQ==
  /@types/fs-extra/9.0.1:
    dependencies:
      '@types/node': 14.0.6
    dev: false
    resolution:
      integrity: sha512-B42Sxuaz09MhC3DDeW5kubRcQ5by4iuVQ0cRRWM2lggLzAa/KVom0Aft/208NgMvNQQZ86s5rVcqDdn/SH0/mg==
  /@types/node/14.0.27:
    dev: false
    resolution:
      integrity: sha512-kVrqXhbclHNHGu9ztnAwSncIgJv/FaxmzXJvGXNdcCpV1b8u1/Mi6z6m0vwy0LzKeXFTPLH0NzwmoJ3fNCIq0g==
  /@types/node/14.0.6:
    dev: false
    resolution:
      integrity: sha512-FbNmu4F67d3oZMWBV6Y4MaPER+0EpE9eIYf2yaHhCWovc1dlXCZkqGX4NLHfVVr6umt20TNBdRzrNJIzIKfdbw==
  /@types/node/14.6.0:
    dev: false
    resolution:
      integrity: sha512-mikldZQitV94akrc4sCcSjtJfsTKt4p+e/s0AGscVA6XArQ9kFclP+ZiYUMnq987rc6QlYxXv/EivqlfSLxpKA==
  /at-least-node/1.0.0:
    dev: false
    engines:
      node: '>= 4.0.0'
    resolution:
      integrity: sha512-+q/t7Ekv1EDY2l6Gda6LLiX14rU9TV20Wa3ofeQmwPFZbOMo9DXrLbOjFaaclkXKWidIaopwAObQDqwWtGUjqg==
  /fs-extra/9.0.1:
    dependencies:
      at-least-node: 1.0.0
      graceful-fs: 4.2.4
      jsonfile: 6.0.1
      universalify: 1.0.0
    dev: false
    engines:
      node: '>=10'
    resolution:
      integrity: sha512-h2iAoN838FqAFJY2/qVpzFXy+EBxfVE220PalAqQLDVsFOHLJrZvut5puAbCdNv6WJk+B8ihI+k0c7JK5erwqQ==
  /graceful-fs/4.2.4:
    dev: false
    resolution:
      integrity: sha512-WjKPNJF79dtJAVniUlGGWHYGz2jWxT6VhN/4m1NdkbZ2nOsEF+cI1Edgql5zCRhs/VsQYRvrXctxktVXZUkixw==
  /jsonfile/6.0.1:
    dependencies:
      universalify: 1.0.0
    dev: false
    optionalDependencies:
      graceful-fs: 4.2.4
    resolution:
      integrity: sha512-jR2b5v7d2vIOust+w3wtFKZIfpC2pnRmFAhAC/BuweZFQR8qZzxH1OyrQ10HmdVYiXWkYUqPVsz91cG7EL2FBg==
  /tslib/2.0.0:
    dev: false
    resolution:
      integrity: sha512-lTqkx847PI7xEDYJntxZH89L2/aXInsyF2luSafe/+0fHOMjlBNXdH6th7f70qxLDhul7KZK0zC8V5ZIyHl0/g==
  /tslib/2.0.1:
    dev: false
    resolution:
      integrity: sha512-SgIkNheinmEBgx1IUNirK0TUD4X9yjjBRTqqjggWCU3pUEqIk3/Uwl3yRixYKT6WjQuGiwDv4NomL3wqRCj+CQ==
  /universalify/1.0.0:
    dev: false
    engines:
      node: '>= 10.0.0'
    resolution:
      integrity: sha512-rb6X1W158d7pRQBg5gkR8uPaSfiids68LTJQYOtEUhoJUWBdaQHsuT/EUduxXYxcrt4r5PJ4fuHW1MHT6p0qug==
specifiers:
  '@tsfun/array': ^0.0.6
  '@types/fs-extra': ^9.0.1
  '@types/node': ^14.0.27
  fs-extra: ^9.0.1
  split-iterable: ^0.1.7
  tslib: ^2.0.0
