lockfileVersion: 5.3

specifiers:
  '@types/node': ^14.6.0
  '@types/shell-escape': ^0.2.0
  chalk: ^5.0.0
  shell-escape: ^0.2.0
  split-string-once: ^0.0.2
  tslib: ^2.0.1

dependencies:
  '@types/node': 14.6.0
  '@types/shell-escape': 0.2.0
  chalk: 5.0.0
  shell-escape: 0.2.0
  split-string-once: 0.0.2
  tslib: 2.0.1

packages:

  /@types/node/13.13.9:
    resolution: {integrity: sha512-EPZBIGed5gNnfWCiwEIwTE2Jdg4813odnG8iNPMQGrqVxrI+wL68SPtPeCX+ZxGBaA6pKAVc6jaKgP/Q0QzfdQ==}
    dev: false

  /@types/node/14.6.0:
    resolution: {integrity: sha512-mikldZQitV94akrc4sCcSjtJfsTKt4p+e/s0AGscVA6XArQ9kFclP+ZiYUMnq987rc6QlYxXv/EivqlfSLxpKA==}
    dev: false

  /@types/shell-escape/0.2.0:
    resolution: {integrity: sha512-7kUdtJtUylvyISJbe9FMcvMTjRdP0EvNDO1WbT0lT22k/IPBiPRTpmWaKu5HTWLCGLQRWVHrzVHZktTDvvR23g==}
    dev: false

  /chalk/5.0.0:
    resolution: {integrity: sha512-/duVOqst+luxCQRKEo4bNxinsOQtMP80ZYm7mMqzuh5PociNL0PvmHFvREJ9ueYL2TxlHjBcmLCdmocx9Vg+IQ==}
    engines: {node: ^12.17.0 || ^14.13 || >=16.0.0}
    dev: false

  /shell-escape/0.2.0:
    resolution: {integrity: sha1-aP0CXrBJC09WegJ/C/IkgLX4QTM=}
    dev: false

  /split-string-once/0.0.2:
    resolution: {integrity: sha512-ZVcvM3Y3K0WSKtv6M1T8pODm79MgBB3Tya9AxSocKGc6J9lsBa4ZWzVTD6DWSnypRFyBu9McoMFNtNhGQ4yuqw==}
    engines: {node: '>= 8.9.0'}
    dependencies:
      '@types/node': 13.13.9
      tslib: 1.13.0
    dev: false

  /tslib/1.13.0:
    resolution: {integrity: sha512-i/6DQjL8Xf3be4K/E6Wgpekn5Qasl1usyw++dAA35Ue5orEn65VIxOA+YvNNl9HV3qv70T7CNwjODHZrLwvd1Q==}
    dev: false

  /tslib/2.0.1:
    resolution: {integrity: sha512-SgIkNheinmEBgx1IUNirK0TUD4X9yjjBRTqqjggWCU3pUEqIk3/Uwl3yRixYKT6WjQuGiwDv4NomL3wqRCj+CQ==}
    dev: false
