dependencies:
  '@types/node': 13.1.6
  '@types/shell-escape': 0.2.0
  chalk: 3.0.0
  shell-escape: 0.2.0
  split-string-once: 0.0.1
  tslib: 1.10.0
lockfileVersion: 5.1
packages:
  /@types/color-name/1.1.1:
    dev: false
    resolution:
      integrity: sha512-rr+OQyAjxze7GgWrSaJwydHStIhHq2lvY3BOC2Mj7KnzI7XK0Uw1TOOdI9lDoajEbSWLiYgoo4f1R51erQfhPQ==
  /@types/node/12.12.24:
    dev: false
    resolution:
      integrity: sha512-1Ciqv9pqwVtW6FsIUKSZNB82E5Cu1I2bBTj1xuIHXLe/1zYLl3956Nbhg2MzSYHVfl9/rmanjbQIb7LibfCnug==
  /@types/node/13.1.6:
    dev: false
    resolution:
      integrity: sha512-Jg1F+bmxcpENHP23sVKkNuU3uaxPnsBMW0cLjleiikFKomJQbsn0Cqk2yDvQArqzZN6ABfBkZ0To7pQ8sLdWDg==
  /@types/shell-escape/0.2.0:
    dev: false
    resolution:
      integrity: sha512-7kUdtJtUylvyISJbe9FMcvMTjRdP0EvNDO1WbT0lT22k/IPBiPRTpmWaKu5HTWLCGLQRWVHrzVHZktTDvvR23g==
  /ansi-styles/4.2.1:
    dependencies:
      '@types/color-name': 1.1.1
      color-convert: 2.0.1
    dev: false
    engines:
      node: '>=8'
    resolution:
      integrity: sha512-9VGjrMsG1vePxcSweQsN20KY/c4zN0h9fLjqAbwbPfahM3t+NL+M9HC8xeXG2I8pX5NoamTGNuomEUFI7fcUjA==
  /chalk/3.0.0:
    dependencies:
      ansi-styles: 4.2.1
      supports-color: 7.1.0
    dev: false
    engines:
      node: '>=8'
    resolution:
      integrity: sha512-4D3B6Wf41KOYRFdszmDqMCGq5VV/uMAB273JILmO+3jAlh8X4qDtdtgCR3fxtbLEMzSx22QdhnDcJvu2u1fVwg==
  /color-convert/2.0.1:
    dependencies:
      color-name: 1.1.4
    dev: false
    engines:
      node: '>=7.0.0'
    resolution:
      integrity: sha512-RRECPsj7iu/xb5oKYcsFHSppFNnsj/52OVTRKb4zP5onXwVF3zVmmToNcOfGC+CRDpfK/U584fMg38ZHCaElKQ==
  /color-name/1.1.4:
    dev: false
    resolution:
      integrity: sha512-dOy+3AuW3a2wNbZHIuMZpTcgjGuLU/uBL/ubcZF9OXbDo8ff4O8yVp5Bf0efS8uEoYo5q4Fx7dY9OgQGXgAsQA==
  /has-flag/4.0.0:
    dev: false
    engines:
      node: '>=8'
    resolution:
      integrity: sha512-EykJT/Q1KjTWctppgIAgfSO0tKVuZUjhgMr17kqTumMl6Afv3EISleU7qZUzoXDFTAHTDC4NOoG/ZxU3EvlMPQ==
  /shell-escape/0.2.0:
    dev: false
    resolution:
      integrity: sha1-aP0CXrBJC09WegJ/C/IkgLX4QTM=
  /split-string-once/0.0.1:
    dependencies:
      '@types/node': 12.12.24
      tslib: 1.10.0
    dev: false
    engines:
      node: '>= 8.9.0'
    resolution:
      integrity: sha512-QeZm9SxDoXrAjfxf2RSFNgm3P91aSG3pFT0/k5QlsJCuZfAj94KGudROiE1cLKb6bjE4ivK55GMzaNC+8w/9ng==
  /supports-color/7.1.0:
    dependencies:
      has-flag: 4.0.0
    dev: false
    engines:
      node: '>=8'
    resolution:
      integrity: sha512-oRSIpR8pxT1Wr2FquTNnGet79b3BWljqOuoW/h4oBhxJ/HUbX5nX6JSruTkvXDCFMwDPvsaTTbvMLKZWSy0R5g==
  /tslib/1.10.0:
    dev: false
    resolution:
      integrity: sha512-qOebF53frne81cf0S9B41ByenJ3/IuH8yJKngAX35CmiZySA0khhkovshKK+jGCaMnVomla7gVlIcc3EvKPbTQ==
specifiers:
  '@types/node': ^13.1.6
  '@types/shell-escape': ^0.2.0
  chalk: ^3.0.0
  shell-escape: ^0.2.0
  split-string-once: ^0.0.1
  tslib: ^1.10.0
