dependencies:
  '@types/node': 13.13.9
  '@types/semver': 7.2.0
  semver: 7.3.2
  tslib: 1.13.0
lockfileVersion: 5.1
packages:
  /@types/node/13.13.9:
    dev: false
    resolution:
      integrity: sha512-EPZBIGed5gNnfWCiwEIwTE2Jdg4813odnG8iNPMQGrqVxrI+wL68SPtPeCX+ZxGBaA6pKAVc6jaKgP/Q0QzfdQ==
  /@types/semver/7.2.0:
    dependencies:
      '@types/node': 13.13.9
    dev: false
    resolution:
      integrity: sha512-TbB0A8ACUWZt3Y6bQPstW9QNbhNeebdgLX4T/ZfkrswAfUzRiXrgd9seol+X379Wa589Pu4UEx9Uok0D4RjRCQ==
  /semver/7.3.2:
    dev: false
    engines:
      node: '>=10'
    hasBin: true
    resolution:
      integrity: sha512-OrOb32TeeambH6UrhtShmF7CRDqhL6/5XpPNp2DuRH6+9QLw/orhp72j87v8Qa1ScDkvrrBNpZcDejAirJmfXQ==
  /tslib/1.13.0:
    dev: false
    resolution:
      integrity: sha512-i/6DQjL8Xf3be4K/E6Wgpekn5Qasl1usyw++dAA35Ue5orEn65VIxOA+YvNNl9HV3qv70T7CNwjODHZrLwvd1Q==
specifiers:
  '@types/node': ^13.11.1
  '@types/semver': ^7.1.0
  semver: ^7.3.0
  tslib: ^1.11.1
