dependencies:
  '@types/node': 12.12.17
  '@types/semver': 6.2.0
  semver: 7.0.0
  tslib: 1.10.0
lockfileVersion: 5.1
packages:
  /@types/node/12.12.17:
    dev: false
    resolution:
      integrity: sha512-Is+l3mcHvs47sKy+afn2O1rV4ldZFU7W8101cNlOd+MRbjM4Onida8jSZnJdTe/0Pcf25g9BNIUsuugmE6puHA==
  /@types/semver/6.2.0:
    dev: false
    resolution:
      integrity: sha512-1OzrNb4RuAzIT7wHSsgZRlMBlNsJl+do6UblR7JMW4oB7bbR+uBEYtUh7gEc/jM84GGilh68lSOokyM/zNUlBA==
  /semver/7.0.0:
    dev: false
    hasBin: true
    resolution:
      integrity: sha512-+GB6zVA9LWh6zovYQLALHwv5rb2PHGlJi3lfiqIHxR0uuwCgefcOJc59v9fv1w8GbStwxuuqqAjI9NMAOOgq1A==
  /tslib/1.10.0:
    dev: false
    resolution:
      integrity: sha512-qOebF53frne81cf0S9B41ByenJ3/IuH8yJKngAX35CmiZySA0khhkovshKK+jGCaMnVomla7gVlIcc3EvKPbTQ==
specifiers:
  '@types/node': ^12.7.11
  '@types/semver': ^6.0.2
  semver: ^7.0.0
  tslib: ^1.10.0
