dependencies:
  '@types/node': 13.7.0
  '@types/semver': 7.1.0
  semver: 7.1.2
  tslib: 1.10.0
lockfileVersion: 5.1
packages:
  /@types/node/13.5.2:
    dev: false
    resolution:
      integrity: sha512-Fr6a47c84PRLfd7M7u3/hEknyUdQrrBA6VoPmkze0tcflhU5UnpWEX2kn12ktA/lb+MNHSqFlSiPHIHsaErTPA==
  /@types/node/13.7.0:
    dev: false
    resolution:
      integrity: sha512-GnZbirvmqZUzMgkFn70c74OQpTTUcCzlhQliTzYjQMqg+hVKcDnxdL19Ne3UdYzdMA/+W3eb646FWn/ZaT1NfQ==
  /@types/semver/7.1.0:
    dependencies:
      '@types/node': 13.5.2
    dev: false
    resolution:
      integrity: sha512-pOKLaubrAEMUItGNpgwl0HMFPrSAFic8oSVIvfu1UwcgGNmNyK9gyhBHKmBnUTwwVvpZfkzUC0GaMgnL6P86uA==
  /semver/7.1.2:
    dev: false
    engines:
      node: '>=10'
    hasBin: true
    resolution:
      integrity: sha512-BJs9T/H8sEVHbeigqzIEo57Iu/3DG6c4QoqTfbQB3BPA4zgzAomh/Fk9E7QtjWQ8mx2dgA9YCfSF4y9k9bHNpQ==
  /tslib/1.10.0:
    dev: false
    resolution:
      integrity: sha512-qOebF53frne81cf0S9B41ByenJ3/IuH8yJKngAX35CmiZySA0khhkovshKK+jGCaMnVomla7gVlIcc3EvKPbTQ==
specifiers:
  '@types/node': ^13.7.0
  '@types/semver': ^7.1.0
  semver: ^7.1.2
  tslib: ^1.10.0
