dependencies:
  '@types/node': 13.7.0
  '@types/yargs': 15.0.3
  parse-markdown-table: 0.0.3
  simple-fake-console: 0.1.7
  tslib: 1.10.0
  yargs: 15.1.0
lockfileVersion: 5.1
packages:
  /@babel/runtime-corejs2/7.9.2:
    dependencies:
      core-js: 2.6.11
      regenerator-runtime: 0.13.5
    dev: false
    resolution:
      integrity: sha512-ayjSOxuK2GaSDJFCtLgHnYjuMyIpViNujWrZo8GUpN60/n7juzJKK5yOo6RFVb0zdU9ACJFK+MsZrUnj3OmXMw==
  /@babel/runtime/7.9.2:
    dependencies:
      regenerator-runtime: 0.13.5
    dev: false
    resolution:
      integrity: sha512-NE2DtOdufG7R5vnfQUTehdTfNycfUANEtCa9PssN9O/xmTzP4E08UI797ixaei6hBEVL9BI/PsdJS5x7mWoB9Q==
  /@types/color-name/1.1.1:
    dev: false
    resolution:
      integrity: sha512-rr+OQyAjxze7GgWrSaJwydHStIhHq2lvY3BOC2Mj7KnzI7XK0Uw1TOOdI9lDoajEbSWLiYgoo4f1R51erQfhPQ==
  /@types/node/10.17.18:
    dev: false
    resolution:
      integrity: sha512-DQ2hl/Jl3g33KuAUOcMrcAOtsbzb+y/ufakzAdeK9z/H/xsvkpbETZZbPNMIiQuk24f5ZRMCcZIViAwyFIiKmg==
  /@types/node/13.11.0:
    dev: false
    resolution:
      integrity: sha512-uM4mnmsIIPK/yeO+42F2RQhGUIs39K2RFmugcJANppXe6J1nvH87PvzPZYpza7Xhhs8Yn9yIAVdLZ84z61+0xQ==
  /@types/node/13.7.0:
    dev: false
    resolution:
      integrity: sha512-GnZbirvmqZUzMgkFn70c74OQpTTUcCzlhQliTzYjQMqg+hVKcDnxdL19Ne3UdYzdMA/+W3eb646FWn/ZaT1NfQ==
  /@types/yargs-parser/15.0.0:
    dev: false
    resolution:
      integrity: sha512-FA/BWv8t8ZWJ+gEOnLLd8ygxH/2UFbAvgEonyfN6yWGLKc7zVjbpl2Y4CTjid9h2RfgPP6SEt6uHwEOply00yw==
  /@types/yargs/15.0.3:
    dependencies:
      '@types/yargs-parser': 15.0.0
    dev: false
    resolution:
      integrity: sha512-XCMQRK6kfpNBixHLyHUsGmXrpEmFFxzMrcnSXFMziHd8CoNJo8l16FkHyQq4x+xbM7E2XL83/O78OD8u+iZTdQ==
  /advanced-map-base/0.0.4:
    dependencies:
      '@types/node': 13.11.0
      advanced-map-types: 0.0.4
      tslib: 1.11.1
      typescript-miscellaneous: 0.1.1
    dev: false
    engines:
      node: '>= 8.9.0'
    resolution:
      integrity: sha512-auTlMKEPMll9I6InsV7XNbDRfTra8u9kBd73/rSe0VuzYFFyAU5mb41wpV8Urs/1CYb+ysE+FetN6zRxfhC0EQ==
  /advanced-map-initialized/0.0.4:
    dependencies:
      '@types/node': 13.11.0
      advanced-map-base: 0.0.4
      advanced-map-types: 0.0.4
      tslib: 1.11.1
    dev: false
    engines:
      node: '>= 8.9.0'
    resolution:
      integrity: sha512-mvPQ6Q1ZwUZ3Uwseh/8jog/PC2E6OmmpUYir5+eGkBw0eoMYAF880qYL1NTIS9k5jW1NExyV2ADoqVLzZ4pePA==
  /advanced-map-types/0.0.4:
    dependencies:
      '@types/node': 13.11.0
      tslib: 1.11.1
      typescript-miscellaneous: 0.1.1
    dev: false
    engines:
      node: '>= 8.9.0'
    resolution:
      integrity: sha512-1z2ags9Y3SbsvRBsANA60J8HGfWeEOnrFwavN72EIQVCt/iFB6fujjvf8dwER7Xpo7tttPfxWxnLnvCiFHU7hA==
  /ansi-regex/5.0.0:
    dev: false
    engines:
      node: '>=8'
    resolution:
      integrity: sha512-bY6fj56OUQ0hU1KjFNDQuJFezqKdrAyFdIevADiqrWHwSlbmBNMHp5ak2f40Pm8JTFyM2mqxkG6ngkHO11f/lg==
  /ansi-styles/4.2.1:
    dependencies:
      '@types/color-name': 1.1.1
      color-convert: 2.0.1
    dev: false
    engines:
      node: '>=8'
    resolution:
      integrity: sha512-9VGjrMsG1vePxcSweQsN20KY/c4zN0h9fLjqAbwbPfahM3t+NL+M9HC8xeXG2I8pX5NoamTGNuomEUFI7fcUjA==
  /camelcase/5.3.1:
    dev: false
    engines:
      node: '>=6'
    resolution:
      integrity: sha512-L28STB170nwWS63UjtlEOE3dldQApaJXZkOI1uMFfzf3rRuPegHaHesyee+YxQ+W6SvRDQV6UrdOdRiR153wJg==
  /cliui/6.0.0:
    dependencies:
      string-width: 4.2.0
      strip-ansi: 6.0.0
      wrap-ansi: 6.2.0
    dev: false
    resolution:
      integrity: sha512-t6wbgtoCXvAzst7QgXxJYqPt0usEfbgQdftEPbLL/cvv6HPE5VgvqCuAIDR0NgU52ds6rFwqrgakNLrHEjCbrQ==
  /color-convert/2.0.1:
    dependencies:
      color-name: 1.1.4
    dev: false
    engines:
      node: '>=7.0.0'
    resolution:
      integrity: sha512-RRECPsj7iu/xb5oKYcsFHSppFNnsj/52OVTRKb4zP5onXwVF3zVmmToNcOfGC+CRDpfK/U584fMg38ZHCaElKQ==
  /color-name/1.1.4:
    dev: false
    resolution:
      integrity: sha512-dOy+3AuW3a2wNbZHIuMZpTcgjGuLU/uBL/ubcZF9OXbDo8ff4O8yVp5Bf0efS8uEoYo5q4Fx7dY9OgQGXgAsQA==
  /core-js/2.6.11:
    deprecated: 'core-js@<3 is no longer maintained and not recommended for usage due to the number of issues. Please, upgrade your dependencies to the actual version of core-js@3.'
    dev: false
    requiresBuild: true
    resolution:
      integrity: sha512-5wjnpaT/3dV+XB4borEsnAYQchn00XSgTAWKDkEqv+K8KevjbzmofK6hfJ9TZIlpj2N0xQpazy7PiRQiWHqzWg==
  /decamelize/1.2.0:
    dev: false
    engines:
      node: '>=0.10.0'
    resolution:
      integrity: sha1-9lNNFRSCabIDUue+4m9QH5oZEpA=
  /dequeue/1.0.5:
    dev: false
    resolution:
      integrity: sha1-EPHO8H4yNLIdyzj0v6LWYDSrZ8c=
  /emoji-regex/8.0.0:
    dev: false
    resolution:
      integrity: sha512-MSjYzcWNOA0ewAHpz0MxpYFvwg6yjy1NG3xteoqz644VCo/RPgnr1/GGt+ic3iJTzQ8Eu3TdM14SawnVUmGE6A==
  /find-up/4.1.0:
    dependencies:
      locate-path: 5.0.0
      path-exists: 4.0.0
    dev: false
    engines:
      node: '>=8'
    resolution:
      integrity: sha512-PpOwAdQ/YlXQ2vj8a3h8IipDuYRi3wceVQQGYWxNINccq40Anw7BlsEXCMbt1Zt+OLA6Fq9suIpIWD0OsnISlw==
  /get-caller-file/2.0.5:
    dev: false
    engines:
      node: 6.* || 8.* || >= 10.*
    resolution:
      integrity: sha512-DyFP3BM/3YHTQOCUL/w0OZHR0lpKeGrxotcHWcqNEdnltqFwXVfhEBQ94eIo34AfQpo0rGki4cyIiftY06h2Fg==
  /is-fullwidth-code-point/3.0.0:
    dev: false
    engines:
      node: '>=8'
    resolution:
      integrity: sha512-zymm5+u+sCsSWyD9qNaejV3DFvhCKclKdizYaJUuHA83RLjb7nSuGnddCHGv0hk+KY7BMAlsWeK4Ueg6EV6XQg==
  /iter-tools/6.2.6:
    dependencies:
      '@babel/runtime': 7.9.2
      '@babel/runtime-corejs2': 7.9.2
      dequeue: 1.0.5
      little-ds-toolkit: 1.1.1
      typescript-tuple: 2.2.1
      typescript-union: 0.1.2
      utility-types: 3.10.0
    dev: false
    resolution:
      integrity: sha512-DlBSv7cIrM214wYFxyz4vg98BmEpxFTGx37ei/ktYT05shJHoDwz7wuaPx3XhaJi1uGEc5bM+vUBWhm3z6yNIg==
  /little-ds-toolkit/1.1.1:
    dev: false
    resolution:
      integrity: sha512-Zl5flhnd5W6nhRCyoL1bNlU8M5CWFp6SItMmK4pj39LKgzQD7LGg591OJ0jwDKat7mjHvJVkOyJT+BXOQH4iXw==
  /locate-path/5.0.0:
    dependencies:
      p-locate: 4.1.0
    dev: false
    engines:
      node: '>=8'
    resolution:
      integrity: sha512-t7hw9pI+WvuwNJXwk5zVHpyhIqzg2qTlklJOf0mVxGSbe3Fp2VieZcduNYjaLDoy6p9uGpQEGWG87WpMKlNq8g==
  /p-limit/2.2.2:
    dependencies:
      p-try: 2.2.0
    dev: false
    engines:
      node: '>=6'
    resolution:
      integrity: sha512-WGR+xHecKTr7EbUEhyLSh5Dube9JtdiG78ufaeLxTgpudf/20KqyMioIUZJAezlTIi6evxuoUs9YXc11cU+yzQ==
  /p-locate/4.1.0:
    dependencies:
      p-limit: 2.2.2
    dev: false
    engines:
      node: '>=8'
    resolution:
      integrity: sha512-R79ZZ/0wAxKGu3oYMlz8jy/kbhsNrS7SKZ7PxEHBgJ5+F2mtFW2fK2cOtBh1cHYkQsbzFV7I+EoRKe6Yt0oK7A==
  /p-try/2.2.0:
    dev: false
    engines:
      node: '>=6'
    resolution:
      integrity: sha512-R4nPAVTAU0B9D35/Gk3uJf/7XYbQcyohSKdvAxIRSNghFl4e71hVoGnBNQz9cWaXxO2I10KTC+3jMdvvoKw6dQ==
  /parse-markdown-table/0.0.3:
    dependencies:
      '@types/node': 13.11.0
      string-stream-utils: 0.0.3
      table-parser-base: 0.0.3
      tslib: 1.11.1
    dev: false
    resolution:
      integrity: sha512-9Ifvkl0TB2YklwNa1A07x3DoQ8codMwD/Hwi7doGWtRBx7r596eoQLQMUFaCUMzCf2SIGh2d7eepO9qOeNzuIA==
  /path-exists/4.0.0:
    dev: false
    engines:
      node: '>=8'
    resolution:
      integrity: sha512-ak9Qy5Q7jYb2Wwcey5Fpvg2KoAc/ZIhLSLOSBmRmygPsGwkVVt0fZa0qrtMz+m6tJTAHfZQ8FnmB4MG4LWy7/w==
  /regenerator-runtime/0.13.5:
    dev: false
    resolution:
      integrity: sha512-ZS5w8CpKFinUzOwW3c83oPeVXoNsrLsaCoLtJvAClH135j/R77RuymhiSErhm2lKcwSCIpmvIWSbDkIfAqKQlA==
  /require-directory/2.1.1:
    dev: false
    engines:
      node: '>=0.10.0'
    resolution:
      integrity: sha1-jGStX9MNqxyXbiNE/+f3kqam30I=
  /require-main-filename/2.0.0:
    dev: false
    resolution:
      integrity: sha512-NKN5kMDylKuldxYLSUfrbo5Tuzh4hd+2E8NPPX02mZtn1VuREQToYe/ZdlJy+J3uCpfaiGF05e7B8W0iXbQHmg==
  /set-blocking/2.0.0:
    dev: false
    resolution:
      integrity: sha1-BF+XgtARrppoA93TgrJDkrPYkPc=
  /simple-fake-console/0.1.7:
    dependencies:
      '@types/node': 13.11.0
      tslib: 1.11.1
    dev: false
    engines:
      node: '>= 8.9.0'
    resolution:
      integrity: sha512-8vPd3MEeeavr2vPZqB+OhgJw/WBbcXkDQh0uEeelQodvuPKxfTpDbtsjpWcEs8jVe7KY9tE4VDuQ2uNKvPFt+Q==
  /string-stream-utils/0.0.3:
    dependencies:
      '@types/node': 13.11.0
      tslib: 1.11.1
    dev: false
    resolution:
      integrity: sha512-cDrCK7nCSjzq+muojDWHlWh6oko2Q3AZ0YCID4OLbsGvaW3jWnHX6tNstY3VqiOjGaUM2LoxGm0nukD/xPqrTQ==
  /string-width/4.2.0:
    dependencies:
      emoji-regex: 8.0.0
      is-fullwidth-code-point: 3.0.0
      strip-ansi: 6.0.0
    dev: false
    engines:
      node: '>=8'
    resolution:
      integrity: sha512-zUz5JD+tgqtuDjMhwIg5uFVV3dtqZ9yQJlZVfq4I01/K5Paj5UHj7VyrQOJvzawSVlKpObApbfD0Ed6yJc+1eg==
  /strip-ansi/6.0.0:
    dependencies:
      ansi-regex: 5.0.0
    dev: false
    engines:
      node: '>=8'
    resolution:
      integrity: sha512-AuvKTrTfQNYNIctbR1K/YGTR1756GycPsg7b9bdV9Duqur4gv6aKqHXah67Z8ImS7WEz5QVcOtlfW2rZEugt6w==
  /table-parser-base/0.0.3:
    dependencies:
      '@types/node': 13.11.0
      advanced-map-initialized: 0.0.4
      iter-tools: 6.2.6
      tslib: 1.11.1
    dev: false
    resolution:
      integrity: sha512-UHOCPktXIagz9zdgZlRiKOzVa1l59k3BerNG0SoyY1TWs9E8/FuUnYjE/JE6o0qU4rtwc1KF6FWcxPgKVfc8xQ==
  /tslib/1.10.0:
    dev: false
    resolution:
      integrity: sha512-qOebF53frne81cf0S9B41ByenJ3/IuH8yJKngAX35CmiZySA0khhkovshKK+jGCaMnVomla7gVlIcc3EvKPbTQ==
  /tslib/1.11.1:
    dev: false
    resolution:
      integrity: sha512-aZW88SY8kQbU7gpV19lN24LtXh/yD4ZZg6qieAJDDg+YBsJcSmLGK9QpnUjAKVG/xefmvJGd1WUmfpT/g6AJGA==
  /typescript-compare/0.0.2:
    dependencies:
      typescript-logic: 0.0.0
    dev: false
    resolution:
      integrity: sha512-8ja4j7pMHkfLJQO2/8tut7ub+J3Lw2S3061eJLFQcvs3tsmJKp8KG5NtpLn7KcY2w08edF74BSVN7qJS0U6oHA==
  /typescript-logic/0.0.0:
    dev: false
    resolution:
      integrity: sha512-zXFars5LUkI3zP492ls0VskH3TtdeHCqu0i7/duGt60i5IGPIpAHE/DWo5FqJ6EjQ15YKXrt+AETjv60Dat34Q==
  /typescript-miscellaneous/0.1.1:
    dependencies:
      '@types/node': 10.17.18
      tslib: 1.11.1
    dev: false
    engines:
      node: '>= 8.9.0'
      typescript: '>= 3.0.0'
    resolution:
      integrity: sha512-dyGMilZPOL/qQMlJSWK+SbQyJpf6YZZPmPrbbdHGkAvGUvlhv4kGKTgddXWLxFWHTirR2I0VfD8mSwia3WLGtA==
  /typescript-tuple/2.2.1:
    dependencies:
      typescript-compare: 0.0.2
    dev: false
    resolution:
      integrity: sha512-Zcr0lbt8z5ZdEzERHAMAniTiIKerFCMgd7yjq1fPnDJ43et/k9twIFQMUYff9k5oXcsQ0WpvFcgzK2ZKASoW6Q==
  /typescript-union/0.1.2:
    dependencies:
      typescript-tuple: 2.2.1
      utility-types: 3.10.0
    dev: false
    resolution:
      integrity: sha512-pzfdtUZ8teglF69/dllzgd6yV7ikoszPHVyOkl4WGICRhTJgCTwL3+ZnnF/hvII536VbsNMQfd9GmLBNhtsmgg==
  /utility-types/3.10.0:
    dev: false
    engines:
      node: '>= 4'
    resolution:
      integrity: sha512-O11mqxmi7wMKCo6HKFt5AhO4BwY3VV68YU07tgxfz8zJTIxr4BpsezN49Ffwy9j3ZpwwJp4fkRwjRzq3uWE6Rg==
  /which-module/2.0.0:
    dev: false
    resolution:
      integrity: sha1-2e8H3Od7mQK4o6j6SzHD4/fm6Ho=
  /wrap-ansi/6.2.0:
    dependencies:
      ansi-styles: 4.2.1
      string-width: 4.2.0
      strip-ansi: 6.0.0
    dev: false
    engines:
      node: '>=8'
    resolution:
      integrity: sha512-r6lPcBGxZXlIcymEu7InxDMhdW0KDxpLgoFLcguasxCaJ/SOIZwINatK9KY/tf+ZrlywOKU0UDj3ATXUBfxJXA==
  /y18n/4.0.0:
    dev: false
    resolution:
      integrity: sha512-r9S/ZyXu/Xu9q1tYlpsLIsa3EeLXXk0VwlxqTcFRfg9EhMW+17kbt9G0NrgCmhGb5vT2hyhJZLfDGx+7+5Uj/w==
  /yargs-parser/16.1.0:
    dependencies:
      camelcase: 5.3.1
      decamelize: 1.2.0
    dev: false
    resolution:
      integrity: sha512-H/V41UNZQPkUMIT5h5hiwg4QKIY1RPvoBV4XcjUbRM8Bk2oKqqyZ0DIEbTFZB0XjbtSPG8SAa/0DxCQmiRgzKg==
  /yargs/15.1.0:
    dependencies:
      cliui: 6.0.0
      decamelize: 1.2.0
      find-up: 4.1.0
      get-caller-file: 2.0.5
      require-directory: 2.1.1
      require-main-filename: 2.0.0
      set-blocking: 2.0.0
      string-width: 4.2.0
      which-module: 2.0.0
      y18n: 4.0.0
      yargs-parser: 16.1.0
    dev: false
    engines:
      node: '>=8'
    resolution:
      integrity: sha512-T39FNN1b6hCW4SOIk1XyTOWxtXdcen0t+XYrysQmChzSipvhBO8Bj0nK1ozAasdk24dNWuMZvr4k24nz+8HHLg==
specifiers:
  '@types/node': ^13.7.0
  '@types/yargs': ^15.0.3
  parse-markdown-table: ^0.0.3
  simple-fake-console: ^0.1.6
  tslib: ^1.10.0
  yargs: ^15.1.0
