dependencies:
  '@types/fs-extra': 8.0.0
  exec-notify-send: 'link:../../packages/exec-notify-send'
  fs-extra: 8.1.0
  unique-temp-path: 0.1.1
lockfileVersion: 5.1
packages:
  /@types/fs-extra/8.0.0:
    dependencies:
      '@types/node': 12.6.9
    dev: false
    resolution:
      integrity: sha512-bCtL5v9zdbQW86yexOlXWTEGvLNqWxMFyi7gQA7Gcthbezr2cPSOb8SkESVKA937QD5cIwOFLDFt0MQoXOEr9Q==
  /@types/node/10.14.14:
    dev: false
    resolution:
      integrity: sha512-xXD08vZsvpv4xptQXj1+ky22f7ZoKu5ZNI/4l+/BXG3X+XaeZsmaFbbTKuhSE3NjjvRuZFxFf9sQBMXIcZNFMQ==
  /@types/node/12.6.9:
    dev: false
    resolution:
      integrity: sha512-+YB9FtyxXGyD54p8rXwWaN1EWEyar5L58GlGWgtH2I9rGmLGBQcw63+0jw+ujqVavNuO47S1ByAjm9zdHMnskw==
  /fs-extra/8.1.0:
    dependencies:
      graceful-fs: 4.2.0
      jsonfile: 4.0.0
      universalify: 0.1.2
    dev: false
    engines:
      node: '>=6 <7 || >=8'
    resolution:
      integrity: sha512-yhlQgA6mnOJUKOsRUFsgJdQCvkKhcz8tlZG5HBQfReYZy46OwLcY+Zia0mtdHsOo9y/hP+CxMN0TU9QxoOtG4g==
  /graceful-fs/4.2.0:
    dev: false
    resolution:
      integrity: sha512-jpSvDPV4Cq/bgtpndIWbI5hmYxhQGHPC4d4cqBPb4DLniCfhJokdXhwhaDuLBGLQdvvRum/UiX6ECVIPvDXqdg==
  /jsonfile/4.0.0:
    dev: false
    optionalDependencies:
      graceful-fs: 4.2.0
    resolution:
      integrity: sha1-h3Gq4HmbZAdrdmQPygWPnBDjPss=
  /tslib/1.10.0:
    dev: false
    resolution:
      integrity: sha512-qOebF53frne81cf0S9B41ByenJ3/IuH8yJKngAX35CmiZySA0khhkovshKK+jGCaMnVomla7gVlIcc3EvKPbTQ==
  /unique-temp-path/0.1.1:
    dependencies:
      '@types/node': 10.14.14
      tslib: 1.10.0
    dev: false
    engines:
      node: '>= 8.9.0'
    hasBin: true
    resolution:
      integrity: sha512-hYlBbvWrpY5sitojnCwIuWH8FNx7CzNyGqG+CbxRDOe3ehqrPmMRj3D2jy3/6C35+VbRBUVy6f2o29y3SyJ/ag==
  /universalify/0.1.2:
    dev: false
    engines:
      node: '>= 4.0.0'
    resolution:
      integrity: sha512-rBJeI5CXAlmy1pV+617WB9J63U6XcazHHF2f2dbJix4XzpUF0RS3Zbj0FGIOCAva5P/d/GBOYaACQ1w+0azUkg==
specifiers:
  '@types/fs-extra': ^8.0.0
  exec-notify-send: 'file:../../packages/exec-notify-send'
  fs-extra: ^8.1.0
  unique-temp-path: ^0.1.1
